// !$*UTF8*$!
{
	archiveVersion = 1;
	classes = {
	};
	objectVersion = 50;
	objects = {

/* Begin PBXBuildFile section */
		316213EB24BB084900266686 /* AppDelegate.swift in Sources */ = {isa = PBXBuildFile; fileRef = 316213EA24BB084900266686 /* AppDelegate.swift */; };
		316213ED24BB084900266686 /* SceneDelegate.swift in Sources */ = {isa = PBXBuildFile; fileRef = 316213EC24BB084900266686 /* SceneDelegate.swift */; };
		316213EF24BB084900266686 /* ViewController.swift in Sources */ = {isa = PBXBuildFile; fileRef = 316213EE24BB084900266686 /* ViewController.swift */; };
		316213F224BB084900266686 /* Main.storyboard in Resources */ = {isa = PBXBuildFile; fileRef = 316213F024BB084900266686 /* Main.storyboard */; };
		316213F424BB084B00266686 /* Assets.xcassets in Resources */ = {isa = PBXBuildFile; fileRef = 316213F324BB084B00266686 /* Assets.xcassets */; };
		316213F724BB084B00266686 /* LaunchScreen.storyboard in Resources */ = {isa = PBXBuildFile; fileRef = 316213F524BB084B00266686 /* LaunchScreen.storyboard */; };
		316213FF24BB09D500266686 /* SymbolButton.swift in Sources */ = {isa = PBXBuildFile; fileRef = 316213FE24BB09D500266686 /* SymbolButton.swift */; };
		31D822E324BB52E8007D768A /* PlusButton.swift in Sources */ = {isa = PBXBuildFile; fileRef = 31D822E224BB52E8007D768A /* PlusButton.swift */; };
/* End PBXBuildFile section */

/* Begin PBXFileReference section */
		316213E724BB084900266686 /* CoreGraphicsTutorial.app */ = {isa = PBXFileReference; explicitFileType = wrapper.application; includeInIndex = 0; path = CoreGraphicsTutorial.app; sourceTree = BUILT_PRODUCTS_DIR; };
		316213EA24BB084900266686 /* AppDelegate.swift */ = {isa = PBXFileReference; lastKnownFileType = sourcecode.swift; path = AppDelegate.swift; sourceTree = "<group>"; };
		316213EC24BB084900266686 /* SceneDelegate.swift */ = {isa = PBXFileReference; lastKnownFileType = sourcecode.swift; path = SceneDelegate.swift; sourceTree = "<group>"; };
		316213EE24BB084900266686 /* ViewController.swift */ = {isa = PBXFileReference; lastKnownFileType = sourcecode.swift; path = ViewController.swift; sourceTree = "<group>"; };
		316213F124BB084900266686 /* Base */ = {isa = PBXFileReference; lastKnownFileType = file.storyboard; name = Base; path = Base.lproj/Main.storyboard; sourceTree = "<group>"; };
		316213F324BB084B00266686 /* Assets.xcassets */ = {isa = PBXFileReference; lastKnownFileType = folder.assetcatalog; path = Assets.xcassets; sourceTree = "<group>"; };
		316213F624BB084B00266686 /* Base */ = {isa = PBXFileReference; lastKnownFileType = file.storyboard; name = Base; path = Base.lproj/LaunchScreen.storyboard; sourceTree = "<group>"; };
		316213F824BB084B00266686 /* Info.plist */ = {isa = PBXFileReference; lastKnownFileType = text.plist.xml; path = Info.plist; sourceTree = "<group>"; };
		316213FE24BB09D500266686 /* SymbolButton.swift */ = {isa = PBXFileReference; lastKnownFileType = sourcecode.swift; path = SymbolButton.swift; sourceTree = "<group>"; };
		31D822E224BB52E8007D768A /* PlusButton.swift */ = {isa = PBXFileReference; lastKnownFileType = sourcecode.swift; path = PlusButton.swift; sourceTree = "<group>"; };
/* End PBXFileReference section */

/* Begin PBXFrameworksBuildPhase section */
		316213E424BB084900266686 /* Frameworks */ = {
			isa = PBXFrameworksBuildPhase;
			buildActionMask = 2147483647;
			files = (
			);
			runOnlyForDeploymentPostprocessing = 0;
		};
/* End PBXFrameworksBuildPhase section */

/* Begin PBXGroup section */
		316213DE24BB084900266686 = {
			isa = PBXGroup;
			children = (
				316213E924BB084900266686 /* CoreGraphicsTutorial */,
				316213E824BB084900266686 /* Products */,
			);
			sourceTree = "<group>";
		};
		316213E824BB084900266686 /* Products */ = {
			isa = PBXGroup;
			children = (
				316213E724BB084900266686 /* CoreGraphicsTutorial.app */,
			);
			name = Products;
			sourceTree = "<group>";
		};
		316213E924BB084900266686 /* CoreGraphicsTutorial */ = {
			isa = PBXGroup;
			children = (
				3162140024BB18D200266686 /* View */,
				316213EA24BB084900266686 /* AppDelegate.swift */,
				316213EC24BB084900266686 /* SceneDelegate.swift */,
				316213EE24BB084900266686 /* ViewController.swift */,
				316213F024BB084900266686 /* Main.storyboard */,
				316213F324BB084B00266686 /* Assets.xcassets */,
				316213F524BB084B00266686 /* LaunchScreen.storyboard */,
				316213F824BB084B00266686 /* Info.plist */,
			);
			path = CoreGraphicsTutorial;
			sourceTree = "<group>";
		};
		3162140024BB18D200266686 /* View */ = {
			isa = PBXGroup;
			children = (
				316213FE24BB09D500266686 /* SymbolButton.swift */,
				31D822E224BB52E8007D768A /* PlusButton.swift */,
			);
			path = View;
			sourceTree = "<group>";
		};
/* End PBXGroup section */

/* Begin PBXNativeTarget section */
		316213E624BB084900266686 /* CoreGraphicsTutorial */ = {
			isa = PBXNativeTarget;
			buildConfigurationList = 316213FB24BB084B00266686 /* Build configuration list for PBXNativeTarget "CoreGraphicsTutorial" */;
			buildPhases = (
				316213E324BB084900266686 /* Sources */,
				316213E424BB084900266686 /* Frameworks */,
				316213E524BB084900266686 /* Resources */,
			);
			buildRules = (
			);
			dependencies = (
			);
			name = CoreGraphicsTutorial;
			productName = CoreGraphicsTutorial;
			productReference = 316213E724BB084900266686 /* CoreGraphicsTutorial.app */;
			productType = "com.apple.product-type.application";
		};
/* End PBXNativeTarget section */

/* Begin PBXProject section */
		316213DF24BB084900266686 /* Project object */ = {
			isa = PBXProject;
			attributes = {
				LastSwiftUpdateCheck = 1150;
				LastUpgradeCheck = 1150;
				ORGANIZATIONNAME = didwndckd;
				TargetAttributes = {
					316213E624BB084900266686 = {
						CreatedOnToolsVersion = 11.5;
					};
				};
			};
			buildConfigurationList = 316213E224BB084900266686 /* Build configuration list for PBXProject "CoreGraphicsTutorial" */;
			compatibilityVersion = "Xcode 9.3";
			developmentRegion = en;
			hasScannedForEncodings = 0;
			knownRegions = (
				en,
				Base,
			);
			mainGroup = 316213DE24BB084900266686;
			productRefGroup = 316213E824BB084900266686 /* Products */;
			projectDirPath = "";
			projectRoot = "";
			targets = (
				316213E624BB084900266686 /* CoreGraphicsTutorial */,
			);
		};
/* End PBXProject section */

/* Begin PBXResourcesBuildPhase section */
		316213E524BB084900266686 /* Resources */ = {
			isa = PBXResourcesBuildPhase;
			buildActionMask = 2147483647;
			files = (
				316213F724BB084B00266686 /* LaunchScreen.storyboard in Resources */,
				316213F424BB084B00266686 /* Assets.xcassets in Resources */,
				316213F224BB084900266686 /* Main.storyboard in Resources */,
			);
			runOnlyForDeploymentPostprocessing = 0;
		};
/* End PBXResourcesBuildPhase section */

/* Begin PBXSourcesBuildPhase section */
		316213E324BB084900266686 /* Sources */ = {
			isa = PBXSourcesBuildPhase;
			buildActionMask = 2147483647;
			files = (
				316213EF24BB084900266686 /* ViewController.swift in Sources */,
				316213EB24BB084900266686 /* AppDelegate.swift in Sources */,
				316213ED24BB084900266686 /* SceneDelegate.swift in Sources */,
				31D822E324BB52E8007D768A /* PlusButton.swift in Sources */,
				316213FF24BB09D500266686 /* SymbolButton.swift in Sources */,
			);
			runOnlyForDeploymentPostprocessing = 0;
		};
/* End PBXSourcesBuildPhase section */

/* Begin PBXVariantGroup section */
		316213F024BB084900266686 /* Main.storyboard */ = {
			isa = PBXVariantGroup;
			children = (
				316213F124BB084900266686 /* Base */,
			);
			name = Main.storyboard;
			sourceTree = "<group>";
		};
		316213F524BB084B00266686 /* LaunchScreen.storyboard */ = {
			isa = PBXVariantGroup;
			children = (
				316213F624BB084B00266686 /* Base */,
			);
			name = LaunchScreen.storyboard;
			sourceTree = "<group>";
		};
/* End PBXVariantGroup section */

/* Begin XCBuildConfiguration section */
		316213F924BB084B00266686 /* Debug */ = {
			isa = XCBuildConfiguration;
			buildSettings = {
				ALWAYS_SEARCH_USER_PATHS = NO;
				CLANG_ANALYZER_NONNULL = YES;
				CLANG_ANALYZER_NUMBER_OBJECT_CONVERSION = YES_AGGRESSIVE;
				CLANG_CXX_LANGUAGE_STANDARD = "gnu++14";
				CLANG_CXX_LIBRARY = "libc++";
				CLANG_ENABLE_MODULES = YES;
				CLANG_ENABLE_OBJC_ARC = YES;
				CLANG_ENABLE_OBJC_WEAK = YES;
				CLANG_WARN_BLOCK_CAPTURE_AUTORELEASING = YES;
				CLANG_WARN_BOOL_CONVERSION = YES;
				CLANG_WARN_COMMA = YES;
				CLANG_WARN_CONSTANT_CONVERSION = YES;
				CLANG_WARN_DEPRECATED_OBJC_IMPLEMENTATIONS = YES;
				CLANG_WARN_DIRECT_OBJC_ISA_USAGE = YES_ERROR;
				CLANG_WARN_DOCUMENTATION_COMMENTS = YES;
				CLANG_WARN_EMPTY_BODY = YES;
				CLANG_WARN_ENUM_CONVERSION = YES;
				CLANG_WARN_INFINITE_RECURSION = YES;
				CLANG_WARN_INT_CONVERSION = YES;
				CLANG_WARN_NON_LITERAL_NULL_CONVERSION = YES;
				CLANG_WARN_OBJC_IMPLICIT_RETAIN_SELF = YES;
				CLANG_WARN_OBJC_LITERAL_CONVERSION = YES;
				CLANG_WARN_OBJC_ROOT_CLASS = YES_ERROR;
				CLANG_WARN_RANGE_LOOP_ANALYSIS = YES;
				CLANG_WARN_STRICT_PROTOTYPES = YES;
				CLANG_WARN_SUSPICIOUS_MOVE = YES;
				CLANG_WARN_UNGUARDED_AVAILABILITY = YES_AGGRESSIVE;
				CLANG_WARN_UNREACHABLE_CODE = YES;
				CLANG_WARN__DUPLICATE_METHOD_MATCH = YES;
				COPY_PHASE_STRIP = NO;
				DEBUG_INFORMATION_FORMAT = dwarf;
				ENABLE_STRICT_OBJC_MSGSEND = YES;
				ENABLE_TESTABILITY = YES;
				GCC_C_LANGUAGE_STANDARD = gnu11;
				GCC_DYNAMIC_NO_PIC = NO;
				GCC_NO_COMMON_BLOCKS = YES;
				GCC_OPTIMIZATION_LEVEL = 0;
				GCC_PREPROCESSOR_DEFINITIONS = (
					"DEBUG=1",
					"$(inherited)",
				);
				GCC_WARN_64_TO_32_BIT_CONVERSION = YES;
				GCC_WARN_ABOUT_RETURN_TYPE = YES_ERROR;
				GCC_WARN_UNDECLARED_SELECTOR = YES;
				GCC_WARN_UNINITIALIZED_AUTOS = YES_AGGRESSIVE;
				GCC_WARN_UNUSED_FUNCTION = YES;
				GCC_WARN_UNUSED_VARIABLE = YES;
				IPHONEOS_DEPLOYMENT_TARGET = 13.5;
				MTL_ENABLE_DEBUG_INFO = INCLUDE_SOURCE;
				MTL_FAST_MATH = YES;
				ONLY_ACTIVE_ARCH = YES;
				SDKROOT = iphoneos;
				SWIFT_ACTIVE_COMPILATION_CONDITIONS = DEBUG;
				SWIFT_OPTIMIZATION_LEVEL = "-Onone";
			};
			name = Debug;
		};
		316213FA24BB084B00266686 /* Release */ = {
			isa = XCBuildConfiguration;
			buildSettings = {
				ALWAYS_SEARCH_USER_PATHS = NO;
				CLANG_ANALYZER_NONNULL = YES;
				CLANG_ANALYZER_NUMBER_OBJECT_CONVERSION = YES_AGGRESSIVE;
				CLANG_CXX_LANGUAGE_STANDARD = "gnu++14";
				CLANG_CXX_LIBRARY = "libc++";
				CLANG_ENABLE_MODULES = YES;
				CLANG_ENABLE_OBJC_ARC = YES;
				CLANG_ENABLE_OBJC_WEAK = YES;
				CLANG_WARN_BLOCK_CAPTURE_AUTORELEASING = YES;
				CLANG_WARN_BOOL_CONVERSION = YES;
				CLANG_WARN_COMMA = YES;
				CLANG_WARN_CONSTANT_CONVERSION = YES;
				CLANG_WARN_DEPRECATED_OBJC_IMPLEMENTATIONS = YES;
				CLANG_WARN_DIRECT_OBJC_ISA_USAGE = YES_ERROR;
				CLANG_WARN_DOCUMENTATION_COMMENTS = YES;
				CLANG_WARN_EMPTY_BODY = YES;
				CLANG_WARN_ENUM_CONVERSION = YES;
				CLANG_WARN_INFINITE_RECURSION = YES;
				CLANG_WARN_INT_CONVERSION = YES;
				CLANG_WARN_NON_LITERAL_NULL_CONVERSION = YES;
				CLANG_WARN_OBJC_IMPLICIT_RETAIN_SELF = YES;
				CLANG_WARN_OBJC_LITERAL_CONVERSION = YES;
				CLANG_WARN_OBJC_ROOT_CLASS = YES_ERROR;
				CLANG_WARN_RANGE_LOOP_ANALYSIS = YES;
				CLANG_WARN_STRICT_PROTOTYPES = YES;
				CLANG_WARN_SUSPICIOUS_MOVE = YES;
				CLANG_WARN_UNGUARDED_AVAILABILITY = YES_AGGRESSIVE;
				CLANG_WARN_UNREACHABLE_CODE = YES;
				CLANG_WARN__DUPLICATE_METHOD_MATCH = YES;
				COPY_PHASE_STRIP = NO;
				DEBUG_INFORMATION_FORMAT = "dwarf-with-dsym";
				ENABLE_NS_ASSERTIONS = NO;
				ENABLE_STRICT_OBJC_MSGSEND = YES;
				GCC_C_LANGUAGE_STANDARD = gnu11;
				GCC_NO_COMMON_BLOCKS = YES;
				GCC_WARN_64_TO_32_BIT_CONVERSION = YES;
				GCC_WARN_ABOUT_RETURN_TYPE = YES_ERROR;
				GCC_WARN_UNDECLARED_SELECTOR = YES;
				GCC_WARN_UNINITIALIZED_AUTOS = YES_AGGRESSIVE;
				GCC_WARN_UNUSED_FUNCTION = YES;
				GCC_WARN_UNUSED_VARIABLE = YES;
				IPHONEOS_DEPLOYMENT_TARGET = 13.5;
				MTL_ENABLE_DEBUG_INFO = NO;
				MTL_FAST_MATH = YES;
				SDKROOT = iphoneos;
				SWIFT_COMPILATION_MODE = wholemodule;
				SWIFT_OPTIMIZATION_LEVEL = "-O";
				VALIDATE_PRODUCT = YES;
			};
			name = Release;
		};
		316213FC24BB084B00266686 /* Debug */ = {
			isa = XCBuildConfiguration;
			buildSettings = {
				ASSETCATALOG_COMPILER_APPICON_NAME = AppIcon;
				CODE_SIGN_STYLE = Automatic;
				DEVELOPMENT_TEAM = G4MM77V7NH;
				INFOPLIST_FILE = CoreGraphicsTutorial/Info.plist;
				LD_RUNPATH_SEARCH_PATHS = (
					"$(inherited)",
					"@executable_path/Frameworks",
				);
				PRODUCT_BUNDLE_IDENTIFIER = com.didwndckd.CoreGraphicsTutorial;
				PRODUCT_NAME = "$(TARGET_NAME)";
				SWIFT_VERSION = 5.0;
				TARGETED_DEVICE_FAMILY = "1,2";
			};
			name = Debug;
		};
		316213FD24BB084B00266686 /* Release */ = {
			isa = XCBuildConfiguration;
			buildSettings = {
				ASSETCATALOG_COMPILER_APPICON_NAME = AppIcon;
				CODE_SIGN_STYLE = Automatic;
				DEVELOPMENT_TEAM = G4MM77V7NH;
				INFOPLIST_FILE = CoreGraphicsTutorial/Info.plist;
				LD_RUNPATH_SEARCH_PATHS = (
					"$(inherited)",
					"@executable_path/Frameworks",
				);
				PRODUCT_BUNDLE_IDENTIFIER = com.didwndckd.CoreGraphicsTutorial;
				PRODUCT_NAME = "$(TARGET_NAME)";
				SWIFT_VERSION = 5.0;
				TARGETED_DEVICE_FAMILY = "1,2";
			};
			name = Release;
		};
/* End XCBuildConfiguration section */

/* Begin XCConfigurationList section */
		316213E224BB084900266686 /* Build configuration list for PBXProject "CoreGraphicsTutorial" */ = {
			isa = XCConfigurationList;
			buildConfigurations = (
				316213F924BB084B00266686 /* Debug */,
				316213FA24BB084B00266686 /* Release */,
			);
			defaultConfigurationIsVisible = 0;
			defaultConfigurationName = Release;
		};
		316213FB24BB084B00266686 /* Build configuration list for PBXNativeTarget "CoreGraphicsTutorial" */ = {
			isa = XCConfigurationList;
			buildConfigurations = (
				316213FC24BB084B00266686 /* Debug */,
				316213FD24BB084B00266686 /* Release */,
			);
			defaultConfigurationIsVisible = 0;
			defaultConfigurationName = Release;
		};
/* End XCConfigurationList section */
	};
	rootObject = 316213DF24BB084900266686 /* Project object */;
}
