// !$*UTF8*$!
{
	archiveVersion = 1;
	classes = {
	};
	objectVersion = 50;
	objects = {

/* Begin PBXBuildFile section */
		3160012123E13A9000B847BE /* AppDelegate.swift in Sources */ = {isa = PBXBuildFile; fileRef = 3160012023E13A9000B847BE /* AppDelegate.swift */; };
		3160012523E13A9000B847BE /* ViewController.swift in Sources */ = {isa = PBXBuildFile; fileRef = 3160012423E13A9000B847BE /* ViewController.swift */; };
		3160012A23E13A9100B847BE /* Assets.xcassets in Resources */ = {isa = PBXBuildFile; fileRef = 3160012923E13A9100B847BE /* Assets.xcassets */; };
		3160012D23E13A9100B847BE /* LaunchScreen.storyboard in Resources */ = {isa = PBXBuildFile; fileRef = 3160012B23E13A9100B847BE /* LaunchScreen.storyboard */; };
		3160013923E13E3D00B847BE /* SectionViewViewController.swift in Sources */ = {isa = PBXBuildFile; fileRef = 3160013823E13E3D00B847BE /* SectionViewViewController.swift */; };
		3160013B23E13F1D00B847BE /* StructData.swift in Sources */ = {isa = PBXBuildFile; fileRef = 3160013A23E13F1D00B847BE /* StructData.swift */; };
		3160013D23E13F3100B847BE /* Singleton.swift in Sources */ = {isa = PBXBuildFile; fileRef = 3160013C23E13F3100B847BE /* Singleton.swift */; };
		3160013F23E140DC00B847BE /* DetailViewController.swift in Sources */ = {isa = PBXBuildFile; fileRef = 3160013E23E140DC00B847BE /* DetailViewController.swift */; };
		3160014123E1411200B847BE /* WishListViewController.swift in Sources */ = {isa = PBXBuildFile; fileRef = 3160014023E1411200B847BE /* WishListViewController.swift */; };
		3160014323E143CB00B847BE /* MainTabBarViewController..swift in Sources */ = {isa = PBXBuildFile; fileRef = 3160014223E143CB00B847BE /* MainTabBarViewController..swift */; };
		3160014523E14BED00B847BE /* CategoryViewController.swift in Sources */ = {isa = PBXBuildFile; fileRef = 3160014423E14BED00B847BE /* CategoryViewController.swift */; };
		3160014723E1500A00B847BE /* CategoryTableViewCell.swift in Sources */ = {isa = PBXBuildFile; fileRef = 3160014623E1500A00B847BE /* CategoryTableViewCell.swift */; };
		3160014923E151EC00B847BE /* CategoryTableViewController.swift in Sources */ = {isa = PBXBuildFile; fileRef = 3160014823E151EC00B847BE /* CategoryTableViewController.swift */; };
		3160014B23E156B100B847BE /* ProductTableViewController.swift in Sources */ = {isa = PBXBuildFile; fileRef = 3160014A23E156B100B847BE /* ProductTableViewController.swift */; };
		3160014D23E161AF00B847BE /* DictData.swift in Sources */ = {isa = PBXBuildFile; fileRef = 3160014C23E161AF00B847BE /* DictData.swift */; };
		3160014F23E161BA00B847BE /* JsonData.swift in Sources */ = {isa = PBXBuildFile; fileRef = 3160014E23E161BA00B847BE /* JsonData.swift */; };
		3160015123E1629800B847BE /* JsonViewController.swift in Sources */ = {isa = PBXBuildFile; fileRef = 3160015023E1629800B847BE /* JsonViewController.swift */; };
/* End PBXBuildFile section */

/* Begin PBXFileReference section */
		3160011D23E13A9000B847BE /* DominoUpdate.app */ = {isa = PBXFileReference; explicitFileType = wrapper.application; includeInIndex = 0; path = DominoUpdate.app; sourceTree = BUILT_PRODUCTS_DIR; };
		3160012023E13A9000B847BE /* AppDelegate.swift */ = {isa = PBXFileReference; lastKnownFileType = sourcecode.swift; path = AppDelegate.swift; sourceTree = "<group>"; };
		3160012423E13A9000B847BE /* ViewController.swift */ = {isa = PBXFileReference; lastKnownFileType = sourcecode.swift; path = ViewController.swift; sourceTree = "<group>"; };
		3160012923E13A9100B847BE /* Assets.xcassets */ = {isa = PBXFileReference; lastKnownFileType = folder.assetcatalog; path = Assets.xcassets; sourceTree = "<group>"; };
		3160012C23E13A9100B847BE /* Base */ = {isa = PBXFileReference; lastKnownFileType = file.storyboard; name = Base; path = Base.lproj/LaunchScreen.storyboard; sourceTree = "<group>"; };
		3160012E23E13A9100B847BE /* Info.plist */ = {isa = PBXFileReference; lastKnownFileType = text.plist.xml; path = Info.plist; sourceTree = "<group>"; };
		3160013823E13E3D00B847BE /* SectionViewViewController.swift */ = {isa = PBXFileReference; lastKnownFileType = sourcecode.swift; path = SectionViewViewController.swift; sourceTree = "<group>"; };
		3160013A23E13F1D00B847BE /* StructData.swift */ = {isa = PBXFileReference; lastKnownFileType = sourcecode.swift; path = StructData.swift; sourceTree = "<group>"; };
		3160013C23E13F3100B847BE /* Singleton.swift */ = {isa = PBXFileReference; lastKnownFileType = sourcecode.swift; path = Singleton.swift; sourceTree = "<group>"; };
		3160013E23E140DC00B847BE /* DetailViewController.swift */ = {isa = PBXFileReference; lastKnownFileType = sourcecode.swift; path = DetailViewController.swift; sourceTree = "<group>"; };
		3160014023E1411200B847BE /* WishListViewController.swift */ = {isa = PBXFileReference; lastKnownFileType = sourcecode.swift; path = WishListViewController.swift; sourceTree = "<group>"; };
		3160014223E143CB00B847BE /* MainTabBarViewController..swift */ = {isa = PBXFileReference; lastKnownFileType = sourcecode.swift; path = MainTabBarViewController..swift; sourceTree = "<group>"; };
		3160014423E14BED00B847BE /* CategoryViewController.swift */ = {isa = PBXFileReference; lastKnownFileType = sourcecode.swift; path = CategoryViewController.swift; sourceTree = "<group>"; };
		3160014623E1500A00B847BE /* CategoryTableViewCell.swift */ = {isa = PBXFileReference; lastKnownFileType = sourcecode.swift; path = CategoryTableViewCell.swift; sourceTree = "<group>"; };
		3160014823E151EC00B847BE /* CategoryTableViewController.swift */ = {isa = PBXFileReference; lastKnownFileType = sourcecode.swift; path = CategoryTableViewController.swift; sourceTree = "<group>"; };
		3160014A23E156B100B847BE /* ProductTableViewController.swift */ = {isa = PBXFileReference; lastKnownFileType = sourcecode.swift; path = ProductTableViewController.swift; sourceTree = "<group>"; };
		3160014C23E161AF00B847BE /* DictData.swift */ = {isa = PBXFileReference; lastKnownFileType = sourcecode.swift; path = DictData.swift; sourceTree = "<group>"; };
		3160014E23E161BA00B847BE /* JsonData.swift */ = {isa = PBXFileReference; lastKnownFileType = sourcecode.swift; path = JsonData.swift; sourceTree = "<group>"; };
		3160015023E1629800B847BE /* JsonViewController.swift */ = {isa = PBXFileReference; lastKnownFileType = sourcecode.swift; path = JsonViewController.swift; sourceTree = "<group>"; };
/* End PBXFileReference section */

/* Begin PBXFrameworksBuildPhase section */
		3160011A23E13A9000B847BE /* Frameworks */ = {
			isa = PBXFrameworksBuildPhase;
			buildActionMask = 2147483647;
			files = (
			);
			runOnlyForDeploymentPostprocessing = 0;
		};
/* End PBXFrameworksBuildPhase section */

/* Begin PBXGroup section */
		3160011423E13A8F00B847BE = {
			isa = PBXGroup;
			children = (
				3160011F23E13A9000B847BE /* DominoUpdate */,
				3160011E23E13A9000B847BE /* Products */,
			);
			sourceTree = "<group>";
		};
		3160011E23E13A9000B847BE /* Products */ = {
			isa = PBXGroup;
			children = (
				3160011D23E13A9000B847BE /* DominoUpdate.app */,
			);
			name = Products;
			sourceTree = "<group>";
		};
		3160011F23E13A9000B847BE /* DominoUpdate */ = {
			isa = PBXGroup;
			children = (
				3160012023E13A9000B847BE /* AppDelegate.swift */,
				3160013723E13D5100B847BE /* Data */,
				3160013623E13D4B00B847BE /* Cell */,
				3160013523E13D4300B847BE /* Controller */,
				3160012923E13A9100B847BE /* Assets.xcassets */,
				3160012B23E13A9100B847BE /* LaunchScreen.storyboard */,
				3160012E23E13A9100B847BE /* Info.plist */,
			);
			path = DominoUpdate;
			sourceTree = "<group>";
		};
		3160013523E13D4300B847BE /* Controller */ = {
			isa = PBXGroup;
			children = (
				3160014223E143CB00B847BE /* MainTabBarViewController..swift */,
				3160012423E13A9000B847BE /* ViewController.swift */,
				3160013E23E140DC00B847BE /* DetailViewController.swift */,
				3160014423E14BED00B847BE /* CategoryViewController.swift */,
				3160013823E13E3D00B847BE /* SectionViewViewController.swift */,
				3160015023E1629800B847BE /* JsonViewController.swift */,
				3160014023E1411200B847BE /* WishListViewController.swift */,
				3160014623E1500A00B847BE /* CategoryTableViewCell.swift */,
				3160014823E151EC00B847BE /* CategoryTableViewController.swift */,
				3160014A23E156B100B847BE /* ProductTableViewController.swift */,
			);
			path = Controller;
			sourceTree = "<group>";
		};
		3160013623E13D4B00B847BE /* Cell */ = {
			isa = PBXGroup;
			children = (
			);
			path = Cell;
			sourceTree = "<group>";
		};
		3160013723E13D5100B847BE /* Data */ = {
			isa = PBXGroup;
			children = (
				3160013A23E13F1D00B847BE /* StructData.swift */,
				3160013C23E13F3100B847BE /* Singleton.swift */,
				3160014C23E161AF00B847BE /* DictData.swift */,
				3160014E23E161BA00B847BE /* JsonData.swift */,
			);
			path = Data;
			sourceTree = "<group>";
		};
/* End PBXGroup section */

/* Begin PBXNativeTarget section */
		3160011C23E13A9000B847BE /* DominoUpdate */ = {
			isa = PBXNativeTarget;
			buildConfigurationList = 3160013123E13A9100B847BE /* Build configuration list for PBXNativeTarget "DominoUpdate" */;
			buildPhases = (
				3160011923E13A9000B847BE /* Sources */,
				3160011A23E13A9000B847BE /* Frameworks */,
				3160011B23E13A9000B847BE /* Resources */,
			);
			buildRules = (
			);
			dependencies = (
			);
			name = DominoUpdate;
			productName = DominoUpdate;
			productReference = 3160011D23E13A9000B847BE /* DominoUpdate.app */;
			productType = "com.apple.product-type.application";
		};
/* End PBXNativeTarget section */

/* Begin PBXProject section */
		3160011523E13A8F00B847BE /* Project object */ = {
			isa = PBXProject;
			attributes = {
				LastSwiftUpdateCheck = 1130;
				LastUpgradeCheck = 1130;
				ORGANIZATIONNAME = didwndckd;
				TargetAttributes = {
					3160011C23E13A9000B847BE = {
						CreatedOnToolsVersion = 11.3.1;
					};
				};
			};
			buildConfigurationList = 3160011823E13A8F00B847BE /* Build configuration list for PBXProject "DominoUpdate" */;
			compatibilityVersion = "Xcode 9.3";
			developmentRegion = en;
			hasScannedForEncodings = 0;
			knownRegions = (
				en,
				Base,
			);
			mainGroup = 3160011423E13A8F00B847BE;
			productRefGroup = 3160011E23E13A9000B847BE /* Products */;
			projectDirPath = "";
			projectRoot = "";
			targets = (
				3160011C23E13A9000B847BE /* DominoUpdate */,
			);
		};
/* End PBXProject section */

/* Begin PBXResourcesBuildPhase section */
		3160011B23E13A9000B847BE /* Resources */ = {
			isa = PBXResourcesBuildPhase;
			buildActionMask = 2147483647;
			files = (
				3160012D23E13A9100B847BE /* LaunchScreen.storyboard in Resources */,
				3160012A23E13A9100B847BE /* Assets.xcassets in Resources */,
			);
			runOnlyForDeploymentPostprocessing = 0;
		};
/* End PBXResourcesBuildPhase section */

/* Begin PBXSourcesBuildPhase section */
		3160011923E13A9000B847BE /* Sources */ = {
			isa = PBXSourcesBuildPhase;
			buildActionMask = 2147483647;
			files = (
				3160013923E13E3D00B847BE /* SectionViewViewController.swift in Sources */,
				3160014F23E161BA00B847BE /* JsonData.swift in Sources */,
				3160014123E1411200B847BE /* WishListViewController.swift in Sources */,
				3160012523E13A9000B847BE /* ViewController.swift in Sources */,
				3160013B23E13F1D00B847BE /* StructData.swift in Sources */,
				3160015123E1629800B847BE /* JsonViewController.swift in Sources */,
				3160014923E151EC00B847BE /* CategoryTableViewController.swift in Sources */,
				3160013F23E140DC00B847BE /* DetailViewController.swift in Sources */,
				3160014D23E161AF00B847BE /* DictData.swift in Sources */,
				3160014723E1500A00B847BE /* CategoryTableViewCell.swift in Sources */,
				3160013D23E13F3100B847BE /* Singleton.swift in Sources */,
				3160012123E13A9000B847BE /* AppDelegate.swift in Sources */,
				3160014523E14BED00B847BE /* CategoryViewController.swift in Sources */,
				3160014B23E156B100B847BE /* ProductTableViewController.swift in Sources */,
				3160014323E143CB00B847BE /* MainTabBarViewController..swift in Sources */,
			);
			runOnlyForDeploymentPostprocessing = 0;
		};
/* End PBXSourcesBuildPhase section */

/* Begin PBXVariantGroup section */
		3160012B23E13A9100B847BE /* LaunchScreen.storyboard */ = {
			isa = PBXVariantGroup;
			children = (
				3160012C23E13A9100B847BE /* Base */,
			);
			name = LaunchScreen.storyboard;
			sourceTree = "<group>";
		};
/* End PBXVariantGroup section */

/* Begin XCBuildConfiguration section */
		3160012F23E13A9100B847BE /* Debug */ = {
			isa = XCBuildConfiguration;
			buildSettings = {
				ALWAYS_SEARCH_USER_PATHS = NO;
				CLANG_ANALYZER_NONNULL = YES;
				CLANG_ANALYZER_NUMBER_OBJECT_CONVERSION = YES_AGGRESSIVE;
				CLANG_CXX_LANGUAGE_STANDARD = "gnu++14";
				CLANG_CXX_LIBRARY = "libc++";
				CLANG_ENABLE_MODULES = YES;
				CLANG_ENABLE_OBJC_ARC = YES;
				CLANG_ENABLE_OBJC_WEAK = YES;
				CLANG_WARN_BLOCK_CAPTURE_AUTORELEASING = YES;
				CLANG_WARN_BOOL_CONVERSION = YES;
				CLANG_WARN_COMMA = YES;
				CLANG_WARN_CONSTANT_CONVERSION = YES;
				CLANG_WARN_DEPRECATED_OBJC_IMPLEMENTATIONS = YES;
				CLANG_WARN_DIRECT_OBJC_ISA_USAGE = YES_ERROR;
				CLANG_WARN_DOCUMENTATION_COMMENTS = YES;
				CLANG_WARN_EMPTY_BODY = YES;
				CLANG_WARN_ENUM_CONVERSION = YES;
				CLANG_WARN_INFINITE_RECURSION = YES;
				CLANG_WARN_INT_CONVERSION = YES;
				CLANG_WARN_NON_LITERAL_NULL_CONVERSION = YES;
				CLANG_WARN_OBJC_IMPLICIT_RETAIN_SELF = YES;
				CLANG_WARN_OBJC_LITERAL_CONVERSION = YES;
				CLANG_WARN_OBJC_ROOT_CLASS = YES_ERROR;
				CLANG_WARN_RANGE_LOOP_ANALYSIS = YES;
				CLANG_WARN_STRICT_PROTOTYPES = YES;
				CLANG_WARN_SUSPICIOUS_MOVE = YES;
				CLANG_WARN_UNGUARDED_AVAILABILITY = YES_AGGRESSIVE;
				CLANG_WARN_UNREACHABLE_CODE = YES;
				CLANG_WARN__DUPLICATE_METHOD_MATCH = YES;
				COPY_PHASE_STRIP = NO;
				DEBUG_INFORMATION_FORMAT = dwarf;
				ENABLE_STRICT_OBJC_MSGSEND = YES;
				ENABLE_TESTABILITY = YES;
				GCC_C_LANGUAGE_STANDARD = gnu11;
				GCC_DYNAMIC_NO_PIC = NO;
				GCC_NO_COMMON_BLOCKS = YES;
				GCC_OPTIMIZATION_LEVEL = 0;
				GCC_PREPROCESSOR_DEFINITIONS = (
					"DEBUG=1",
					"$(inherited)",
				);
				GCC_WARN_64_TO_32_BIT_CONVERSION = YES;
				GCC_WARN_ABOUT_RETURN_TYPE = YES_ERROR;
				GCC_WARN_UNDECLARED_SELECTOR = YES;
				GCC_WARN_UNINITIALIZED_AUTOS = YES_AGGRESSIVE;
				GCC_WARN_UNUSED_FUNCTION = YES;
				GCC_WARN_UNUSED_VARIABLE = YES;
				IPHONEOS_DEPLOYMENT_TARGET = 13.2;
				MTL_ENABLE_DEBUG_INFO = INCLUDE_SOURCE;
				MTL_FAST_MATH = YES;
				ONLY_ACTIVE_ARCH = YES;
				SDKROOT = iphoneos;
				SWIFT_ACTIVE_COMPILATION_CONDITIONS = DEBUG;
				SWIFT_OPTIMIZATION_LEVEL = "-Onone";
			};
			name = Debug;
		};
		3160013023E13A9100B847BE /* Release */ = {
			isa = XCBuildConfiguration;
			buildSettings = {
				ALWAYS_SEARCH_USER_PATHS = NO;
				CLANG_ANALYZER_NONNULL = YES;
				CLANG_ANALYZER_NUMBER_OBJECT_CONVERSION = YES_AGGRESSIVE;
				CLANG_CXX_LANGUAGE_STANDARD = "gnu++14";
				CLANG_CXX_LIBRARY = "libc++";
				CLANG_ENABLE_MODULES = YES;
				CLANG_ENABLE_OBJC_ARC = YES;
				CLANG_ENABLE_OBJC_WEAK = YES;
				CLANG_WARN_BLOCK_CAPTURE_AUTORELEASING = YES;
				CLANG_WARN_BOOL_CONVERSION = YES;
				CLANG_WARN_COMMA = YES;
				CLANG_WARN_CONSTANT_CONVERSION = YES;
				CLANG_WARN_DEPRECATED_OBJC_IMPLEMENTATIONS = YES;
				CLANG_WARN_DIRECT_OBJC_ISA_USAGE = YES_ERROR;
				CLANG_WARN_DOCUMENTATION_COMMENTS = YES;
				CLANG_WARN_EMPTY_BODY = YES;
				CLANG_WARN_ENUM_CONVERSION = YES;
				CLANG_WARN_INFINITE_RECURSION = YES;
				CLANG_WARN_INT_CONVERSION = YES;
				CLANG_WARN_NON_LITERAL_NULL_CONVERSION = YES;
				CLANG_WARN_OBJC_IMPLICIT_RETAIN_SELF = YES;
				CLANG_WARN_OBJC_LITERAL_CONVERSION = YES;
				CLANG_WARN_OBJC_ROOT_CLASS = YES_ERROR;
				CLANG_WARN_RANGE_LOOP_ANALYSIS = YES;
				CLANG_WARN_STRICT_PROTOTYPES = YES;
				CLANG_WARN_SUSPICIOUS_MOVE = YES;
				CLANG_WARN_UNGUARDED_AVAILABILITY = YES_AGGRESSIVE;
				CLANG_WARN_UNREACHABLE_CODE = YES;
				CLANG_WARN__DUPLICATE_METHOD_MATCH = YES;
				COPY_PHASE_STRIP = NO;
				DEBUG_INFORMATION_FORMAT = "dwarf-with-dsym";
				ENABLE_NS_ASSERTIONS = NO;
				ENABLE_STRICT_OBJC_MSGSEND = YES;
				GCC_C_LANGUAGE_STANDARD = gnu11;
				GCC_NO_COMMON_BLOCKS = YES;
				GCC_WARN_64_TO_32_BIT_CONVERSION = YES;
				GCC_WARN_ABOUT_RETURN_TYPE = YES_ERROR;
				GCC_WARN_UNDECLARED_SELECTOR = YES;
				GCC_WARN_UNINITIALIZED_AUTOS = YES_AGGRESSIVE;
				GCC_WARN_UNUSED_FUNCTION = YES;
				GCC_WARN_UNUSED_VARIABLE = YES;
				IPHONEOS_DEPLOYMENT_TARGET = 13.2;
				MTL_ENABLE_DEBUG_INFO = NO;
				MTL_FAST_MATH = YES;
				SDKROOT = iphoneos;
				SWIFT_COMPILATION_MODE = wholemodule;
				SWIFT_OPTIMIZATION_LEVEL = "-O";
				VALIDATE_PRODUCT = YES;
			};
			name = Release;
		};
		3160013223E13A9100B847BE /* Debug */ = {
			isa = XCBuildConfiguration;
			buildSettings = {
				ASSETCATALOG_COMPILER_APPICON_NAME = AppIcon;
				CODE_SIGN_STYLE = Automatic;
				DEVELOPMENT_TEAM = 3S767N4AG9;
				INFOPLIST_FILE = DominoUpdate/Info.plist;
				LD_RUNPATH_SEARCH_PATHS = (
					"$(inherited)",
					"@executable_path/Frameworks",
				);
				PRODUCT_BUNDLE_IDENTIFIER = com.didwndckd.Example.DominoUpdate;
				PRODUCT_NAME = "$(TARGET_NAME)";
				SWIFT_VERSION = 5.0;
				TARGETED_DEVICE_FAMILY = "1,2";
			};
			name = Debug;
		};
		3160013323E13A9100B847BE /* Release */ = {
			isa = XCBuildConfiguration;
			buildSettings = {
				ASSETCATALOG_COMPILER_APPICON_NAME = AppIcon;
				CODE_SIGN_STYLE = Automatic;
				DEVELOPMENT_TEAM = 3S767N4AG9;
				INFOPLIST_FILE = DominoUpdate/Info.plist;
				LD_RUNPATH_SEARCH_PATHS = (
					"$(inherited)",
					"@executable_path/Frameworks",
				);
				PRODUCT_BUNDLE_IDENTIFIER = com.didwndckd.Example.DominoUpdate;
				PRODUCT_NAME = "$(TARGET_NAME)";
				SWIFT_VERSION = 5.0;
				TARGETED_DEVICE_FAMILY = "1,2";
			};
			name = Release;
		};
/* End XCBuildConfiguration section */

/* Begin XCConfigurationList section */
		3160011823E13A8F00B847BE /* Build configuration list for PBXProject "DominoUpdate" */ = {
			isa = XCConfigurationList;
			buildConfigurations = (
				3160012F23E13A9100B847BE /* Debug */,
				3160013023E13A9100B847BE /* Release */,
			);
			defaultConfigurationIsVisible = 0;
			defaultConfigurationName = Release;
		};
		3160013123E13A9100B847BE /* Build configuration list for PBXNativeTarget "DominoUpdate" */ = {
			isa = XCConfigurationList;
			buildConfigurations = (
				3160013223E13A9100B847BE /* Debug */,
				3160013323E13A9100B847BE /* Release */,
			);
			defaultConfigurationIsVisible = 0;
			defaultConfigurationName = Release;
		};
/* End XCConfigurationList section */
	};
	rootObject = 3160011523E13A8F00B847BE /* Project object */;
}
