// !$*UTF8*$!
{
	archiveVersion = 1;
	classes = {
	};
	objectVersion = 50;
	objects = {

/* Begin PBXBuildFile section */
		310B418123AA04570020F9D9 /* MainView.swift in Sources */ = {isa = PBXBuildFile; fileRef = 310B418023AA04570020F9D9 /* MainView.swift */; };
		3112BD6823A723A500276B40 /* LoginTextField.swift in Sources */ = {isa = PBXBuildFile; fileRef = 3112BD6723A723A500276B40 /* LoginTextField.swift */; };
		31F67A8423A344A100765344 /* AppDelegate.swift in Sources */ = {isa = PBXBuildFile; fileRef = 31F67A8323A344A100765344 /* AppDelegate.swift */; };
		31F67A8623A344A100765344 /* SceneDelegate.swift in Sources */ = {isa = PBXBuildFile; fileRef = 31F67A8523A344A100765344 /* SceneDelegate.swift */; };
		31F67A8823A344A100765344 /* LoginViewController.swift in Sources */ = {isa = PBXBuildFile; fileRef = 31F67A8723A344A100765344 /* LoginViewController.swift */; };
		31F67A8B23A344A100765344 /* Main.storyboard in Resources */ = {isa = PBXBuildFile; fileRef = 31F67A8923A344A100765344 /* Main.storyboard */; };
		31F67A8D23A344A200765344 /* Assets.xcassets in Resources */ = {isa = PBXBuildFile; fileRef = 31F67A8C23A344A200765344 /* Assets.xcassets */; };
		31F67A9023A344A200765344 /* LaunchScreen.storyboard in Resources */ = {isa = PBXBuildFile; fileRef = 31F67A8E23A344A200765344 /* LaunchScreen.storyboard */; };
		31F67A9823A34AB500765344 /* MainViewController.swift in Sources */ = {isa = PBXBuildFile; fileRef = 31F67A9723A34AB500765344 /* MainViewController.swift */; };
		31F67A9D23A352FB00765344 /* LoginView.swift in Sources */ = {isa = PBXBuildFile; fileRef = 31F67A9C23A352FB00765344 /* LoginView.swift */; };
/* End PBXBuildFile section */

/* Begin PBXFileReference section */
		310B418023AA04570020F9D9 /* MainView.swift */ = {isa = PBXFileReference; lastKnownFileType = sourcecode.swift; path = MainView.swift; sourceTree = "<group>"; };
		3112BD6723A723A500276B40 /* LoginTextField.swift */ = {isa = PBXFileReference; lastKnownFileType = sourcecode.swift; path = LoginTextField.swift; sourceTree = "<group>"; };
		31F67A8023A344A100765344 /* LoginPageExample.app */ = {isa = PBXFileReference; explicitFileType = wrapper.application; includeInIndex = 0; path = LoginPageExample.app; sourceTree = BUILT_PRODUCTS_DIR; };
		31F67A8323A344A100765344 /* AppDelegate.swift */ = {isa = PBXFileReference; lastKnownFileType = sourcecode.swift; path = AppDelegate.swift; sourceTree = "<group>"; };
		31F67A8523A344A100765344 /* SceneDelegate.swift */ = {isa = PBXFileReference; lastKnownFileType = sourcecode.swift; path = SceneDelegate.swift; sourceTree = "<group>"; };
		31F67A8723A344A100765344 /* LoginViewController.swift */ = {isa = PBXFileReference; lastKnownFileType = sourcecode.swift; path = LoginViewController.swift; sourceTree = "<group>"; };
		31F67A8A23A344A100765344 /* Base */ = {isa = PBXFileReference; lastKnownFileType = file.storyboard; name = Base; path = Base.lproj/Main.storyboard; sourceTree = "<group>"; };
		31F67A8C23A344A200765344 /* Assets.xcassets */ = {isa = PBXFileReference; lastKnownFileType = folder.assetcatalog; path = Assets.xcassets; sourceTree = "<group>"; };
		31F67A8F23A344A200765344 /* Base */ = {isa = PBXFileReference; lastKnownFileType = file.storyboard; name = Base; path = Base.lproj/LaunchScreen.storyboard; sourceTree = "<group>"; };
		31F67A9123A344A200765344 /* Info.plist */ = {isa = PBXFileReference; lastKnownFileType = text.plist.xml; path = Info.plist; sourceTree = "<group>"; };
		31F67A9723A34AB500765344 /* MainViewController.swift */ = {isa = PBXFileReference; lastKnownFileType = sourcecode.swift; path = MainViewController.swift; sourceTree = "<group>"; };
		31F67A9C23A352FB00765344 /* LoginView.swift */ = {isa = PBXFileReference; lastKnownFileType = sourcecode.swift; path = LoginView.swift; sourceTree = "<group>"; };
/* End PBXFileReference section */

/* Begin PBXFrameworksBuildPhase section */
		31F67A7D23A344A100765344 /* Frameworks */ = {
			isa = PBXFrameworksBuildPhase;
			buildActionMask = 2147483647;
			files = (
			);
			runOnlyForDeploymentPostprocessing = 0;
		};
/* End PBXFrameworksBuildPhase section */

/* Begin PBXGroup section */
		3112BD6623A7237100276B40 /* Wiget */ = {
			isa = PBXGroup;
			children = (
				3112BD6723A723A500276B40 /* LoginTextField.swift */,
			);
			path = Wiget;
			sourceTree = "<group>";
		};
		31F67A7723A344A100765344 = {
			isa = PBXGroup;
			children = (
				31F67A8223A344A100765344 /* LoginPageExample */,
				31F67A8123A344A100765344 /* Products */,
			);
			sourceTree = "<group>";
		};
		31F67A8123A344A100765344 /* Products */ = {
			isa = PBXGroup;
			children = (
				31F67A8023A344A100765344 /* LoginPageExample.app */,
			);
			name = Products;
			sourceTree = "<group>";
		};
		31F67A8223A344A100765344 /* LoginPageExample */ = {
			isa = PBXGroup;
			children = (
				3112BD6623A7237100276B40 /* Wiget */,
				31F67A9B23A352D900765344 /* Modele */,
				31F67A9A23A352D200765344 /* Views */,
				31F67A9923A352C200765344 /* ViewControllers */,
				31F67A8323A344A100765344 /* AppDelegate.swift */,
				31F67A8523A344A100765344 /* SceneDelegate.swift */,
				31F67A8923A344A100765344 /* Main.storyboard */,
				31F67A8C23A344A200765344 /* Assets.xcassets */,
				31F67A8E23A344A200765344 /* LaunchScreen.storyboard */,
				31F67A9123A344A200765344 /* Info.plist */,
			);
			path = LoginPageExample;
			sourceTree = "<group>";
		};
		31F67A9923A352C200765344 /* ViewControllers */ = {
			isa = PBXGroup;
			children = (
				31F67A8723A344A100765344 /* LoginViewController.swift */,
				31F67A9723A34AB500765344 /* MainViewController.swift */,
			);
			path = ViewControllers;
			sourceTree = "<group>";
		};
		31F67A9A23A352D200765344 /* Views */ = {
			isa = PBXGroup;
			children = (
				31F67A9C23A352FB00765344 /* LoginView.swift */,
				310B418023AA04570020F9D9 /* MainView.swift */,
			);
			path = Views;
			sourceTree = "<group>";
		};
		31F67A9B23A352D900765344 /* Modele */ = {
			isa = PBXGroup;
			children = (
			);
			path = Modele;
			sourceTree = "<group>";
		};
/* End PBXGroup section */

/* Begin PBXNativeTarget section */
		31F67A7F23A344A100765344 /* LoginPageExample */ = {
			isa = PBXNativeTarget;
			buildConfigurationList = 31F67A9423A344A200765344 /* Build configuration list for PBXNativeTarget "LoginPageExample" */;
			buildPhases = (
				31F67A7C23A344A100765344 /* Sources */,
				31F67A7D23A344A100765344 /* Frameworks */,
				31F67A7E23A344A100765344 /* Resources */,
			);
			buildRules = (
			);
			dependencies = (
			);
			name = LoginPageExample;
			productName = LoginPageExample;
			productReference = 31F67A8023A344A100765344 /* LoginPageExample.app */;
			productType = "com.apple.product-type.application";
		};
/* End PBXNativeTarget section */

/* Begin PBXProject section */
		31F67A7823A344A100765344 /* Project object */ = {
			isa = PBXProject;
			attributes = {
				LastSwiftUpdateCheck = 1120;
				LastUpgradeCheck = 1120;
				ORGANIZATIONNAME = didwndckd;
				TargetAttributes = {
					31F67A7F23A344A100765344 = {
						CreatedOnToolsVersion = 11.2;
					};
				};
			};
			buildConfigurationList = 31F67A7B23A344A100765344 /* Build configuration list for PBXProject "LoginPageExample" */;
			compatibilityVersion = "Xcode 9.3";
			developmentRegion = en;
			hasScannedForEncodings = 0;
			knownRegions = (
				en,
				Base,
			);
			mainGroup = 31F67A7723A344A100765344;
			productRefGroup = 31F67A8123A344A100765344 /* Products */;
			projectDirPath = "";
			projectRoot = "";
			targets = (
				31F67A7F23A344A100765344 /* LoginPageExample */,
			);
		};
/* End PBXProject section */

/* Begin PBXResourcesBuildPhase section */
		31F67A7E23A344A100765344 /* Resources */ = {
			isa = PBXResourcesBuildPhase;
			buildActionMask = 2147483647;
			files = (
				31F67A9023A344A200765344 /* LaunchScreen.storyboard in Resources */,
				31F67A8D23A344A200765344 /* Assets.xcassets in Resources */,
				31F67A8B23A344A100765344 /* Main.storyboard in Resources */,
			);
			runOnlyForDeploymentPostprocessing = 0;
		};
/* End PBXResourcesBuildPhase section */

/* Begin PBXSourcesBuildPhase section */
		31F67A7C23A344A100765344 /* Sources */ = {
			isa = PBXSourcesBuildPhase;
			buildActionMask = 2147483647;
			files = (
				31F67A9823A34AB500765344 /* MainViewController.swift in Sources */,
				310B418123AA04570020F9D9 /* MainView.swift in Sources */,
				31F67A8823A344A100765344 /* LoginViewController.swift in Sources */,
				31F67A8423A344A100765344 /* AppDelegate.swift in Sources */,
				3112BD6823A723A500276B40 /* LoginTextField.swift in Sources */,
				31F67A9D23A352FB00765344 /* LoginView.swift in Sources */,
				31F67A8623A344A100765344 /* SceneDelegate.swift in Sources */,
			);
			runOnlyForDeploymentPostprocessing = 0;
		};
/* End PBXSourcesBuildPhase section */

/* Begin PBXVariantGroup section */
		31F67A8923A344A100765344 /* Main.storyboard */ = {
			isa = PBXVariantGroup;
			children = (
				31F67A8A23A344A100765344 /* Base */,
			);
			name = Main.storyboard;
			sourceTree = "<group>";
		};
		31F67A8E23A344A200765344 /* LaunchScreen.storyboard */ = {
			isa = PBXVariantGroup;
			children = (
				31F67A8F23A344A200765344 /* Base */,
			);
			name = LaunchScreen.storyboard;
			sourceTree = "<group>";
		};
/* End PBXVariantGroup section */

/* Begin XCBuildConfiguration section */
		31F67A9223A344A200765344 /* Debug */ = {
			isa = XCBuildConfiguration;
			buildSettings = {
				ALWAYS_SEARCH_USER_PATHS = NO;
				CLANG_ANALYZER_NONNULL = YES;
				CLANG_ANALYZER_NUMBER_OBJECT_CONVERSION = YES_AGGRESSIVE;
				CLANG_CXX_LANGUAGE_STANDARD = "gnu++14";
				CLANG_CXX_LIBRARY = "libc++";
				CLANG_ENABLE_MODULES = YES;
				CLANG_ENABLE_OBJC_ARC = YES;
				CLANG_ENABLE_OBJC_WEAK = YES;
				CLANG_WARN_BLOCK_CAPTURE_AUTORELEASING = YES;
				CLANG_WARN_BOOL_CONVERSION = YES;
				CLANG_WARN_COMMA = YES;
				CLANG_WARN_CONSTANT_CONVERSION = YES;
				CLANG_WARN_DEPRECATED_OBJC_IMPLEMENTATIONS = YES;
				CLANG_WARN_DIRECT_OBJC_ISA_USAGE = YES_ERROR;
				CLANG_WARN_DOCUMENTATION_COMMENTS = YES;
				CLANG_WARN_EMPTY_BODY = YES;
				CLANG_WARN_ENUM_CONVERSION = YES;
				CLANG_WARN_INFINITE_RECURSION = YES;
				CLANG_WARN_INT_CONVERSION = YES;
				CLANG_WARN_NON_LITERAL_NULL_CONVERSION = YES;
				CLANG_WARN_OBJC_IMPLICIT_RETAIN_SELF = YES;
				CLANG_WARN_OBJC_LITERAL_CONVERSION = YES;
				CLANG_WARN_OBJC_ROOT_CLASS = YES_ERROR;
				CLANG_WARN_RANGE_LOOP_ANALYSIS = YES;
				CLANG_WARN_STRICT_PROTOTYPES = YES;
				CLANG_WARN_SUSPICIOUS_MOVE = YES;
				CLANG_WARN_UNGUARDED_AVAILABILITY = YES_AGGRESSIVE;
				CLANG_WARN_UNREACHABLE_CODE = YES;
				CLANG_WARN__DUPLICATE_METHOD_MATCH = YES;
				COPY_PHASE_STRIP = NO;
				DEBUG_INFORMATION_FORMAT = dwarf;
				ENABLE_STRICT_OBJC_MSGSEND = YES;
				ENABLE_TESTABILITY = YES;
				GCC_C_LANGUAGE_STANDARD = gnu11;
				GCC_DYNAMIC_NO_PIC = NO;
				GCC_NO_COMMON_BLOCKS = YES;
				GCC_OPTIMIZATION_LEVEL = 0;
				GCC_PREPROCESSOR_DEFINITIONS = (
					"DEBUG=1",
					"$(inherited)",
				);
				GCC_WARN_64_TO_32_BIT_CONVERSION = YES;
				GCC_WARN_ABOUT_RETURN_TYPE = YES_ERROR;
				GCC_WARN_UNDECLARED_SELECTOR = YES;
				GCC_WARN_UNINITIALIZED_AUTOS = YES_AGGRESSIVE;
				GCC_WARN_UNUSED_FUNCTION = YES;
				GCC_WARN_UNUSED_VARIABLE = YES;
				IPHONEOS_DEPLOYMENT_TARGET = 13.2;
				MTL_ENABLE_DEBUG_INFO = INCLUDE_SOURCE;
				MTL_FAST_MATH = YES;
				ONLY_ACTIVE_ARCH = YES;
				SDKROOT = iphoneos;
				SWIFT_ACTIVE_COMPILATION_CONDITIONS = DEBUG;
				SWIFT_OPTIMIZATION_LEVEL = "-Onone";
			};
			name = Debug;
		};
		31F67A9323A344A200765344 /* Release */ = {
			isa = XCBuildConfiguration;
			buildSettings = {
				ALWAYS_SEARCH_USER_PATHS = NO;
				CLANG_ANALYZER_NONNULL = YES;
				CLANG_ANALYZER_NUMBER_OBJECT_CONVERSION = YES_AGGRESSIVE;
				CLANG_CXX_LANGUAGE_STANDARD = "gnu++14";
				CLANG_CXX_LIBRARY = "libc++";
				CLANG_ENABLE_MODULES = YES;
				CLANG_ENABLE_OBJC_ARC = YES;
				CLANG_ENABLE_OBJC_WEAK = YES;
				CLANG_WARN_BLOCK_CAPTURE_AUTORELEASING = YES;
				CLANG_WARN_BOOL_CONVERSION = YES;
				CLANG_WARN_COMMA = YES;
				CLANG_WARN_CONSTANT_CONVERSION = YES;
				CLANG_WARN_DEPRECATED_OBJC_IMPLEMENTATIONS = YES;
				CLANG_WARN_DIRECT_OBJC_ISA_USAGE = YES_ERROR;
				CLANG_WARN_DOCUMENTATION_COMMENTS = YES;
				CLANG_WARN_EMPTY_BODY = YES;
				CLANG_WARN_ENUM_CONVERSION = YES;
				CLANG_WARN_INFINITE_RECURSION = YES;
				CLANG_WARN_INT_CONVERSION = YES;
				CLANG_WARN_NON_LITERAL_NULL_CONVERSION = YES;
				CLANG_WARN_OBJC_IMPLICIT_RETAIN_SELF = YES;
				CLANG_WARN_OBJC_LITERAL_CONVERSION = YES;
				CLANG_WARN_OBJC_ROOT_CLASS = YES_ERROR;
				CLANG_WARN_RANGE_LOOP_ANALYSIS = YES;
				CLANG_WARN_STRICT_PROTOTYPES = YES;
				CLANG_WARN_SUSPICIOUS_MOVE = YES;
				CLANG_WARN_UNGUARDED_AVAILABILITY = YES_AGGRESSIVE;
				CLANG_WARN_UNREACHABLE_CODE = YES;
				CLANG_WARN__DUPLICATE_METHOD_MATCH = YES;
				COPY_PHASE_STRIP = NO;
				DEBUG_INFORMATION_FORMAT = "dwarf-with-dsym";
				ENABLE_NS_ASSERTIONS = NO;
				ENABLE_STRICT_OBJC_MSGSEND = YES;
				GCC_C_LANGUAGE_STANDARD = gnu11;
				GCC_NO_COMMON_BLOCKS = YES;
				GCC_WARN_64_TO_32_BIT_CONVERSION = YES;
				GCC_WARN_ABOUT_RETURN_TYPE = YES_ERROR;
				GCC_WARN_UNDECLARED_SELECTOR = YES;
				GCC_WARN_UNINITIALIZED_AUTOS = YES_AGGRESSIVE;
				GCC_WARN_UNUSED_FUNCTION = YES;
				GCC_WARN_UNUSED_VARIABLE = YES;
				IPHONEOS_DEPLOYMENT_TARGET = 13.2;
				MTL_ENABLE_DEBUG_INFO = NO;
				MTL_FAST_MATH = YES;
				SDKROOT = iphoneos;
				SWIFT_COMPILATION_MODE = wholemodule;
				SWIFT_OPTIMIZATION_LEVEL = "-O";
				VALIDATE_PRODUCT = YES;
			};
			name = Release;
		};
		31F67A9523A344A200765344 /* Debug */ = {
			isa = XCBuildConfiguration;
			buildSettings = {
				ASSETCATALOG_COMPILER_APPICON_NAME = AppIcon;
				CODE_SIGN_STYLE = Automatic;
				INFOPLIST_FILE = LoginPageExample/Info.plist;
				LD_RUNPATH_SEARCH_PATHS = (
					"$(inherited)",
					"@executable_path/Frameworks",
				);
				PRODUCT_BUNDLE_IDENTIFIER = com.didwndckd.LoginPageExample;
				PRODUCT_NAME = "$(TARGET_NAME)";
				SWIFT_VERSION = 5.0;
				TARGETED_DEVICE_FAMILY = "1,2";
			};
			name = Debug;
		};
		31F67A9623A344A200765344 /* Release */ = {
			isa = XCBuildConfiguration;
			buildSettings = {
				ASSETCATALOG_COMPILER_APPICON_NAME = AppIcon;
				CODE_SIGN_STYLE = Automatic;
				INFOPLIST_FILE = LoginPageExample/Info.plist;
				LD_RUNPATH_SEARCH_PATHS = (
					"$(inherited)",
					"@executable_path/Frameworks",
				);
				PRODUCT_BUNDLE_IDENTIFIER = com.didwndckd.LoginPageExample;
				PRODUCT_NAME = "$(TARGET_NAME)";
				SWIFT_VERSION = 5.0;
				TARGETED_DEVICE_FAMILY = "1,2";
			};
			name = Release;
		};
/* End XCBuildConfiguration section */

/* Begin XCConfigurationList section */
		31F67A7B23A344A100765344 /* Build configuration list for PBXProject "LoginPageExample" */ = {
			isa = XCConfigurationList;
			buildConfigurations = (
				31F67A9223A344A200765344 /* Debug */,
				31F67A9323A344A200765344 /* Release */,
			);
			defaultConfigurationIsVisible = 0;
			defaultConfigurationName = Release;
		};
		31F67A9423A344A200765344 /* Build configuration list for PBXNativeTarget "LoginPageExample" */ = {
			isa = XCConfigurationList;
			buildConfigurations = (
				31F67A9523A344A200765344 /* Debug */,
				31F67A9623A344A200765344 /* Release */,
			);
			defaultConfigurationIsVisible = 0;
			defaultConfigurationName = Release;
		};
/* End XCConfigurationList section */
	};
	rootObject = 31F67A7823A344A100765344 /* Project object */;
}
