// !$*UTF8*$!
{
	archiveVersion = 1;
	classes = {
	};
	objectVersion = 50;
	objects = {

/* Begin PBXBuildFile section */
		313824AC23C4875A000C2A42 /* AppDelegate.swift in Sources */ = {isa = PBXBuildFile; fileRef = 313824AB23C4875A000C2A42 /* AppDelegate.swift */; };
		313824AE23C4875A000C2A42 /* SceneDelegate.swift in Sources */ = {isa = PBXBuildFile; fileRef = 313824AD23C4875A000C2A42 /* SceneDelegate.swift */; };
		313824B023C4875A000C2A42 /* ViewController.swift in Sources */ = {isa = PBXBuildFile; fileRef = 313824AF23C4875A000C2A42 /* ViewController.swift */; };
		313824B323C4875A000C2A42 /* Main.storyboard in Resources */ = {isa = PBXBuildFile; fileRef = 313824B123C4875A000C2A42 /* Main.storyboard */; };
		313824B523C4875C000C2A42 /* Assets.xcassets in Resources */ = {isa = PBXBuildFile; fileRef = 313824B423C4875C000C2A42 /* Assets.xcassets */; };
		313824B823C4875C000C2A42 /* LaunchScreen.storyboard in Resources */ = {isa = PBXBuildFile; fileRef = 313824B623C4875C000C2A42 /* LaunchScreen.storyboard */; };
		313824C023C48772000C2A42 /* View.swift in Sources */ = {isa = PBXBuildFile; fileRef = 313824BF23C48772000C2A42 /* View.swift */; };
		313824C223C4877E000C2A42 /* Model.swift in Sources */ = {isa = PBXBuildFile; fileRef = 313824C123C4877E000C2A42 /* Model.swift */; };
/* End PBXBuildFile section */

/* Begin PBXFileReference section */
		313824A823C4875A000C2A42 /* GestureRecognizerTask.app */ = {isa = PBXFileReference; explicitFileType = wrapper.application; includeInIndex = 0; path = GestureRecognizerTask.app; sourceTree = BUILT_PRODUCTS_DIR; };
		313824AB23C4875A000C2A42 /* AppDelegate.swift */ = {isa = PBXFileReference; lastKnownFileType = sourcecode.swift; path = AppDelegate.swift; sourceTree = "<group>"; };
		313824AD23C4875A000C2A42 /* SceneDelegate.swift */ = {isa = PBXFileReference; lastKnownFileType = sourcecode.swift; path = SceneDelegate.swift; sourceTree = "<group>"; };
		313824AF23C4875A000C2A42 /* ViewController.swift */ = {isa = PBXFileReference; lastKnownFileType = sourcecode.swift; path = ViewController.swift; sourceTree = "<group>"; };
		313824B223C4875A000C2A42 /* Base */ = {isa = PBXFileReference; lastKnownFileType = file.storyboard; name = Base; path = Base.lproj/Main.storyboard; sourceTree = "<group>"; };
		313824B423C4875C000C2A42 /* Assets.xcassets */ = {isa = PBXFileReference; lastKnownFileType = folder.assetcatalog; path = Assets.xcassets; sourceTree = "<group>"; };
		313824B723C4875C000C2A42 /* Base */ = {isa = PBXFileReference; lastKnownFileType = file.storyboard; name = Base; path = Base.lproj/LaunchScreen.storyboard; sourceTree = "<group>"; };
		313824B923C4875C000C2A42 /* Info.plist */ = {isa = PBXFileReference; lastKnownFileType = text.plist.xml; path = Info.plist; sourceTree = "<group>"; };
		313824BF23C48772000C2A42 /* View.swift */ = {isa = PBXFileReference; lastKnownFileType = sourcecode.swift; path = View.swift; sourceTree = "<group>"; };
		313824C123C4877E000C2A42 /* Model.swift */ = {isa = PBXFileReference; lastKnownFileType = sourcecode.swift; path = Model.swift; sourceTree = "<group>"; };
/* End PBXFileReference section */

/* Begin PBXFrameworksBuildPhase section */
		313824A523C4875A000C2A42 /* Frameworks */ = {
			isa = PBXFrameworksBuildPhase;
			buildActionMask = 2147483647;
			files = (
			);
			runOnlyForDeploymentPostprocessing = 0;
		};
/* End PBXFrameworksBuildPhase section */

/* Begin PBXGroup section */
		3138249F23C4875A000C2A42 = {
			isa = PBXGroup;
			children = (
				313824AA23C4875A000C2A42 /* GestureRecognizerTask */,
				313824A923C4875A000C2A42 /* Products */,
			);
			sourceTree = "<group>";
		};
		313824A923C4875A000C2A42 /* Products */ = {
			isa = PBXGroup;
			children = (
				313824A823C4875A000C2A42 /* GestureRecognizerTask.app */,
			);
			name = Products;
			sourceTree = "<group>";
		};
		313824AA23C4875A000C2A42 /* GestureRecognizerTask */ = {
			isa = PBXGroup;
			children = (
				313824AB23C4875A000C2A42 /* AppDelegate.swift */,
				313824AD23C4875A000C2A42 /* SceneDelegate.swift */,
				313824AF23C4875A000C2A42 /* ViewController.swift */,
				313824BF23C48772000C2A42 /* View.swift */,
				313824C123C4877E000C2A42 /* Model.swift */,
				313824B123C4875A000C2A42 /* Main.storyboard */,
				313824B423C4875C000C2A42 /* Assets.xcassets */,
				313824B623C4875C000C2A42 /* LaunchScreen.storyboard */,
				313824B923C4875C000C2A42 /* Info.plist */,
			);
			path = GestureRecognizerTask;
			sourceTree = "<group>";
		};
/* End PBXGroup section */

/* Begin PBXNativeTarget section */
		313824A723C4875A000C2A42 /* GestureRecognizerTask */ = {
			isa = PBXNativeTarget;
			buildConfigurationList = 313824BC23C4875C000C2A42 /* Build configuration list for PBXNativeTarget "GestureRecognizerTask" */;
			buildPhases = (
				313824A423C4875A000C2A42 /* Sources */,
				313824A523C4875A000C2A42 /* Frameworks */,
				313824A623C4875A000C2A42 /* Resources */,
			);
			buildRules = (
			);
			dependencies = (
			);
			name = GestureRecognizerTask;
			productName = GestureRecognizerTask;
			productReference = 313824A823C4875A000C2A42 /* GestureRecognizerTask.app */;
			productType = "com.apple.product-type.application";
		};
/* End PBXNativeTarget section */

/* Begin PBXProject section */
		313824A023C4875A000C2A42 /* Project object */ = {
			isa = PBXProject;
			attributes = {
				LastSwiftUpdateCheck = 1120;
				LastUpgradeCheck = 1120;
				ORGANIZATIONNAME = didwndckd;
				TargetAttributes = {
					313824A723C4875A000C2A42 = {
						CreatedOnToolsVersion = 11.2;
					};
				};
			};
			buildConfigurationList = 313824A323C4875A000C2A42 /* Build configuration list for PBXProject "GestureRecognizerTask" */;
			compatibilityVersion = "Xcode 9.3";
			developmentRegion = en;
			hasScannedForEncodings = 0;
			knownRegions = (
				en,
				Base,
			);
			mainGroup = 3138249F23C4875A000C2A42;
			productRefGroup = 313824A923C4875A000C2A42 /* Products */;
			projectDirPath = "";
			projectRoot = "";
			targets = (
				313824A723C4875A000C2A42 /* GestureRecognizerTask */,
			);
		};
/* End PBXProject section */

/* Begin PBXResourcesBuildPhase section */
		313824A623C4875A000C2A42 /* Resources */ = {
			isa = PBXResourcesBuildPhase;
			buildActionMask = 2147483647;
			files = (
				313824B823C4875C000C2A42 /* LaunchScreen.storyboard in Resources */,
				313824B523C4875C000C2A42 /* Assets.xcassets in Resources */,
				313824B323C4875A000C2A42 /* Main.storyboard in Resources */,
			);
			runOnlyForDeploymentPostprocessing = 0;
		};
/* End PBXResourcesBuildPhase section */

/* Begin PBXSourcesBuildPhase section */
		313824A423C4875A000C2A42 /* Sources */ = {
			isa = PBXSourcesBuildPhase;
			buildActionMask = 2147483647;
			files = (
				313824C223C4877E000C2A42 /* Model.swift in Sources */,
				313824C023C48772000C2A42 /* View.swift in Sources */,
				313824B023C4875A000C2A42 /* ViewController.swift in Sources */,
				313824AC23C4875A000C2A42 /* AppDelegate.swift in Sources */,
				313824AE23C4875A000C2A42 /* SceneDelegate.swift in Sources */,
			);
			runOnlyForDeploymentPostprocessing = 0;
		};
/* End PBXSourcesBuildPhase section */

/* Begin PBXVariantGroup section */
		313824B123C4875A000C2A42 /* Main.storyboard */ = {
			isa = PBXVariantGroup;
			children = (
				313824B223C4875A000C2A42 /* Base */,
			);
			name = Main.storyboard;
			sourceTree = "<group>";
		};
		313824B623C4875C000C2A42 /* LaunchScreen.storyboard */ = {
			isa = PBXVariantGroup;
			children = (
				313824B723C4875C000C2A42 /* Base */,
			);
			name = LaunchScreen.storyboard;
			sourceTree = "<group>";
		};
/* End PBXVariantGroup section */

/* Begin XCBuildConfiguration section */
		313824BA23C4875C000C2A42 /* Debug */ = {
			isa = XCBuildConfiguration;
			buildSettings = {
				ALWAYS_SEARCH_USER_PATHS = NO;
				CLANG_ANALYZER_NONNULL = YES;
				CLANG_ANALYZER_NUMBER_OBJECT_CONVERSION = YES_AGGRESSIVE;
				CLANG_CXX_LANGUAGE_STANDARD = "gnu++14";
				CLANG_CXX_LIBRARY = "libc++";
				CLANG_ENABLE_MODULES = YES;
				CLANG_ENABLE_OBJC_ARC = YES;
				CLANG_ENABLE_OBJC_WEAK = YES;
				CLANG_WARN_BLOCK_CAPTURE_AUTORELEASING = YES;
				CLANG_WARN_BOOL_CONVERSION = YES;
				CLANG_WARN_COMMA = YES;
				CLANG_WARN_CONSTANT_CONVERSION = YES;
				CLANG_WARN_DEPRECATED_OBJC_IMPLEMENTATIONS = YES;
				CLANG_WARN_DIRECT_OBJC_ISA_USAGE = YES_ERROR;
				CLANG_WARN_DOCUMENTATION_COMMENTS = YES;
				CLANG_WARN_EMPTY_BODY = YES;
				CLANG_WARN_ENUM_CONVERSION = YES;
				CLANG_WARN_INFINITE_RECURSION = YES;
				CLANG_WARN_INT_CONVERSION = YES;
				CLANG_WARN_NON_LITERAL_NULL_CONVERSION = YES;
				CLANG_WARN_OBJC_IMPLICIT_RETAIN_SELF = YES;
				CLANG_WARN_OBJC_LITERAL_CONVERSION = YES;
				CLANG_WARN_OBJC_ROOT_CLASS = YES_ERROR;
				CLANG_WARN_RANGE_LOOP_ANALYSIS = YES;
				CLANG_WARN_STRICT_PROTOTYPES = YES;
				CLANG_WARN_SUSPICIOUS_MOVE = YES;
				CLANG_WARN_UNGUARDED_AVAILABILITY = YES_AGGRESSIVE;
				CLANG_WARN_UNREACHABLE_CODE = YES;
				CLANG_WARN__DUPLICATE_METHOD_MATCH = YES;
				COPY_PHASE_STRIP = NO;
				DEBUG_INFORMATION_FORMAT = dwarf;
				ENABLE_STRICT_OBJC_MSGSEND = YES;
				ENABLE_TESTABILITY = YES;
				GCC_C_LANGUAGE_STANDARD = gnu11;
				GCC_DYNAMIC_NO_PIC = NO;
				GCC_NO_COMMON_BLOCKS = YES;
				GCC_OPTIMIZATION_LEVEL = 0;
				GCC_PREPROCESSOR_DEFINITIONS = (
					"DEBUG=1",
					"$(inherited)",
				);
				GCC_WARN_64_TO_32_BIT_CONVERSION = YES;
				GCC_WARN_ABOUT_RETURN_TYPE = YES_ERROR;
				GCC_WARN_UNDECLARED_SELECTOR = YES;
				GCC_WARN_UNINITIALIZED_AUTOS = YES_AGGRESSIVE;
				GCC_WARN_UNUSED_FUNCTION = YES;
				GCC_WARN_UNUSED_VARIABLE = YES;
				IPHONEOS_DEPLOYMENT_TARGET = 13.2;
				MTL_ENABLE_DEBUG_INFO = INCLUDE_SOURCE;
				MTL_FAST_MATH = YES;
				ONLY_ACTIVE_ARCH = YES;
				SDKROOT = iphoneos;
				SWIFT_ACTIVE_COMPILATION_CONDITIONS = DEBUG;
				SWIFT_OPTIMIZATION_LEVEL = "-Onone";
			};
			name = Debug;
		};
		313824BB23C4875C000C2A42 /* Release */ = {
			isa = XCBuildConfiguration;
			buildSettings = {
				ALWAYS_SEARCH_USER_PATHS = NO;
				CLANG_ANALYZER_NONNULL = YES;
				CLANG_ANALYZER_NUMBER_OBJECT_CONVERSION = YES_AGGRESSIVE;
				CLANG_CXX_LANGUAGE_STANDARD = "gnu++14";
				CLANG_CXX_LIBRARY = "libc++";
				CLANG_ENABLE_MODULES = YES;
				CLANG_ENABLE_OBJC_ARC = YES;
				CLANG_ENABLE_OBJC_WEAK = YES;
				CLANG_WARN_BLOCK_CAPTURE_AUTORELEASING = YES;
				CLANG_WARN_BOOL_CONVERSION = YES;
				CLANG_WARN_COMMA = YES;
				CLANG_WARN_CONSTANT_CONVERSION = YES;
				CLANG_WARN_DEPRECATED_OBJC_IMPLEMENTATIONS = YES;
				CLANG_WARN_DIRECT_OBJC_ISA_USAGE = YES_ERROR;
				CLANG_WARN_DOCUMENTATION_COMMENTS = YES;
				CLANG_WARN_EMPTY_BODY = YES;
				CLANG_WARN_ENUM_CONVERSION = YES;
				CLANG_WARN_INFINITE_RECURSION = YES;
				CLANG_WARN_INT_CONVERSION = YES;
				CLANG_WARN_NON_LITERAL_NULL_CONVERSION = YES;
				CLANG_WARN_OBJC_IMPLICIT_RETAIN_SELF = YES;
				CLANG_WARN_OBJC_LITERAL_CONVERSION = YES;
				CLANG_WARN_OBJC_ROOT_CLASS = YES_ERROR;
				CLANG_WARN_RANGE_LOOP_ANALYSIS = YES;
				CLANG_WARN_STRICT_PROTOTYPES = YES;
				CLANG_WARN_SUSPICIOUS_MOVE = YES;
				CLANG_WARN_UNGUARDED_AVAILABILITY = YES_AGGRESSIVE;
				CLANG_WARN_UNREACHABLE_CODE = YES;
				CLANG_WARN__DUPLICATE_METHOD_MATCH = YES;
				COPY_PHASE_STRIP = NO;
				DEBUG_INFORMATION_FORMAT = "dwarf-with-dsym";
				ENABLE_NS_ASSERTIONS = NO;
				ENABLE_STRICT_OBJC_MSGSEND = YES;
				GCC_C_LANGUAGE_STANDARD = gnu11;
				GCC_NO_COMMON_BLOCKS = YES;
				GCC_WARN_64_TO_32_BIT_CONVERSION = YES;
				GCC_WARN_ABOUT_RETURN_TYPE = YES_ERROR;
				GCC_WARN_UNDECLARED_SELECTOR = YES;
				GCC_WARN_UNINITIALIZED_AUTOS = YES_AGGRESSIVE;
				GCC_WARN_UNUSED_FUNCTION = YES;
				GCC_WARN_UNUSED_VARIABLE = YES;
				IPHONEOS_DEPLOYMENT_TARGET = 13.2;
				MTL_ENABLE_DEBUG_INFO = NO;
				MTL_FAST_MATH = YES;
				SDKROOT = iphoneos;
				SWIFT_COMPILATION_MODE = wholemodule;
				SWIFT_OPTIMIZATION_LEVEL = "-O";
				VALIDATE_PRODUCT = YES;
			};
			name = Release;
		};
		313824BD23C4875C000C2A42 /* Debug */ = {
			isa = XCBuildConfiguration;
			buildSettings = {
				ASSETCATALOG_COMPILER_APPICON_NAME = AppIcon;
				CODE_SIGN_STYLE = Automatic;
				DEVELOPMENT_TEAM = 3S767N4AG9;
				INFOPLIST_FILE = GestureRecognizerTask/Info.plist;
				LD_RUNPATH_SEARCH_PATHS = (
					"$(inherited)",
					"@executable_path/Frameworks",
				);
				PRODUCT_BUNDLE_IDENTIFIER = com.didwndckd.GestureRecognizerTask;
				PRODUCT_NAME = "$(TARGET_NAME)";
				SWIFT_VERSION = 5.0;
				TARGETED_DEVICE_FAMILY = "1,2";
			};
			name = Debug;
		};
		313824BE23C4875C000C2A42 /* Release */ = {
			isa = XCBuildConfiguration;
			buildSettings = {
				ASSETCATALOG_COMPILER_APPICON_NAME = AppIcon;
				CODE_SIGN_STYLE = Automatic;
				DEVELOPMENT_TEAM = 3S767N4AG9;
				INFOPLIST_FILE = GestureRecognizerTask/Info.plist;
				LD_RUNPATH_SEARCH_PATHS = (
					"$(inherited)",
					"@executable_path/Frameworks",
				);
				PRODUCT_BUNDLE_IDENTIFIER = com.didwndckd.GestureRecognizerTask;
				PRODUCT_NAME = "$(TARGET_NAME)";
				SWIFT_VERSION = 5.0;
				TARGETED_DEVICE_FAMILY = "1,2";
			};
			name = Release;
		};
/* End XCBuildConfiguration section */

/* Begin XCConfigurationList section */
		313824A323C4875A000C2A42 /* Build configuration list for PBXProject "GestureRecognizerTask" */ = {
			isa = XCConfigurationList;
			buildConfigurations = (
				313824BA23C4875C000C2A42 /* Debug */,
				313824BB23C4875C000C2A42 /* Release */,
			);
			defaultConfigurationIsVisible = 0;
			defaultConfigurationName = Release;
		};
		313824BC23C4875C000C2A42 /* Build configuration list for PBXNativeTarget "GestureRecognizerTask" */ = {
			isa = XCConfigurationList;
			buildConfigurations = (
				313824BD23C4875C000C2A42 /* Debug */,
				313824BE23C4875C000C2A42 /* Release */,
			);
			defaultConfigurationIsVisible = 0;
			defaultConfigurationName = Release;
		};
/* End XCConfigurationList section */
	};
	rootObject = 313824A023C4875A000C2A42 /* Project object */;
}
