// !$*UTF8*$!
{
	archiveVersion = 1;
	classes = {
	};
	objectVersion = 50;
	objects = {

/* Begin PBXBuildFile section */
		3170848723868A0600496181 /* AppDelegate.swift in Sources */ = {isa = PBXBuildFile; fileRef = 3170848623868A0600496181 /* AppDelegate.swift */; };
		3170848923868A0600496181 /* SceneDelegate.swift in Sources */ = {isa = PBXBuildFile; fileRef = 3170848823868A0600496181 /* SceneDelegate.swift */; };
		3170848B23868A0600496181 /* ViewController.swift in Sources */ = {isa = PBXBuildFile; fileRef = 3170848A23868A0600496181 /* ViewController.swift */; };
		3170848E23868A0600496181 /* Main.storyboard in Resources */ = {isa = PBXBuildFile; fileRef = 3170848C23868A0600496181 /* Main.storyboard */; };
		3170849023868A0700496181 /* Assets.xcassets in Resources */ = {isa = PBXBuildFile; fileRef = 3170848F23868A0700496181 /* Assets.xcassets */; };
		3170849323868A0700496181 /* LaunchScreen.storyboard in Resources */ = {isa = PBXBuildFile; fileRef = 3170849123868A0700496181 /* LaunchScreen.storyboard */; };
		3170849B23868E9E00496181 /* SecondView.swift in Sources */ = {isa = PBXBuildFile; fileRef = 3170849A23868E9E00496181 /* SecondView.swift */; };
/* End PBXBuildFile section */

/* Begin PBXFileReference section */
		3170848323868A0600496181 /* 191121.app */ = {isa = PBXFileReference; explicitFileType = wrapper.application; includeInIndex = 0; path = 191121.app; sourceTree = BUILT_PRODUCTS_DIR; };
		3170848623868A0600496181 /* AppDelegate.swift */ = {isa = PBXFileReference; lastKnownFileType = sourcecode.swift; path = AppDelegate.swift; sourceTree = "<group>"; };
		3170848823868A0600496181 /* SceneDelegate.swift */ = {isa = PBXFileReference; lastKnownFileType = sourcecode.swift; path = SceneDelegate.swift; sourceTree = "<group>"; };
		3170848A23868A0600496181 /* ViewController.swift */ = {isa = PBXFileReference; lastKnownFileType = sourcecode.swift; path = ViewController.swift; sourceTree = "<group>"; };
		3170848D23868A0600496181 /* Base */ = {isa = PBXFileReference; lastKnownFileType = file.storyboard; name = Base; path = Base.lproj/Main.storyboard; sourceTree = "<group>"; };
		3170848F23868A0700496181 /* Assets.xcassets */ = {isa = PBXFileReference; lastKnownFileType = folder.assetcatalog; path = Assets.xcassets; sourceTree = "<group>"; };
		3170849223868A0700496181 /* Base */ = {isa = PBXFileReference; lastKnownFileType = file.storyboard; name = Base; path = Base.lproj/LaunchScreen.storyboard; sourceTree = "<group>"; };
		3170849423868A0700496181 /* Info.plist */ = {isa = PBXFileReference; lastKnownFileType = text.plist.xml; path = Info.plist; sourceTree = "<group>"; };
		3170849A23868E9E00496181 /* SecondView.swift */ = {isa = PBXFileReference; lastKnownFileType = sourcecode.swift; path = SecondView.swift; sourceTree = "<group>"; };
/* End PBXFileReference section */

/* Begin PBXFrameworksBuildPhase section */
		3170848023868A0600496181 /* Frameworks */ = {
			isa = PBXFrameworksBuildPhase;
			buildActionMask = 2147483647;
			files = (
			);
			runOnlyForDeploymentPostprocessing = 0;
		};
/* End PBXFrameworksBuildPhase section */

/* Begin PBXGroup section */
		3170847A23868A0600496181 = {
			isa = PBXGroup;
			children = (
				3170848523868A0600496181 /* 191121 */,
				3170848423868A0600496181 /* Products */,
			);
			sourceTree = "<group>";
		};
		3170848423868A0600496181 /* Products */ = {
			isa = PBXGroup;
			children = (
				3170848323868A0600496181 /* 191121.app */,
			);
			name = Products;
			sourceTree = "<group>";
		};
		3170848523868A0600496181 /* 191121 */ = {
			isa = PBXGroup;
			children = (
				3170848623868A0600496181 /* AppDelegate.swift */,
				3170848823868A0600496181 /* SceneDelegate.swift */,
				3170848A23868A0600496181 /* ViewController.swift */,
				3170848C23868A0600496181 /* Main.storyboard */,
				3170849A23868E9E00496181 /* SecondView.swift */,
				3170848F23868A0700496181 /* Assets.xcassets */,
				3170849123868A0700496181 /* LaunchScreen.storyboard */,
				3170849423868A0700496181 /* Info.plist */,
			);
			path = 191121;
			sourceTree = "<group>";
		};
/* End PBXGroup section */

/* Begin PBXNativeTarget section */
		3170848223868A0600496181 /* 191121 */ = {
			isa = PBXNativeTarget;
			buildConfigurationList = 3170849723868A0700496181 /* Build configuration list for PBXNativeTarget "191121" */;
			buildPhases = (
				3170847F23868A0600496181 /* Sources */,
				3170848023868A0600496181 /* Frameworks */,
				3170848123868A0600496181 /* Resources */,
			);
			buildRules = (
			);
			dependencies = (
			);
			name = 191121;
			productName = 191121;
			productReference = 3170848323868A0600496181 /* 191121.app */;
			productType = "com.apple.product-type.application";
		};
/* End PBXNativeTarget section */

/* Begin PBXProject section */
		3170847B23868A0600496181 /* Project object */ = {
			isa = PBXProject;
			attributes = {
				LastSwiftUpdateCheck = 1120;
				LastUpgradeCheck = 1120;
				ORGANIZATIONNAME = didwndckd;
				TargetAttributes = {
					3170848223868A0600496181 = {
						CreatedOnToolsVersion = 11.2;
					};
				};
			};
			buildConfigurationList = 3170847E23868A0600496181 /* Build configuration list for PBXProject "191121" */;
			compatibilityVersion = "Xcode 9.3";
			developmentRegion = en;
			hasScannedForEncodings = 0;
			knownRegions = (
				en,
				Base,
			);
			mainGroup = 3170847A23868A0600496181;
			productRefGroup = 3170848423868A0600496181 /* Products */;
			projectDirPath = "";
			projectRoot = "";
			targets = (
				3170848223868A0600496181 /* 191121 */,
			);
		};
/* End PBXProject section */

/* Begin PBXResourcesBuildPhase section */
		3170848123868A0600496181 /* Resources */ = {
			isa = PBXResourcesBuildPhase;
			buildActionMask = 2147483647;
			files = (
				3170849323868A0700496181 /* LaunchScreen.storyboard in Resources */,
				3170849023868A0700496181 /* Assets.xcassets in Resources */,
				3170848E23868A0600496181 /* Main.storyboard in Resources */,
			);
			runOnlyForDeploymentPostprocessing = 0;
		};
/* End PBXResourcesBuildPhase section */

/* Begin PBXSourcesBuildPhase section */
		3170847F23868A0600496181 /* Sources */ = {
			isa = PBXSourcesBuildPhase;
			buildActionMask = 2147483647;
			files = (
				3170848B23868A0600496181 /* ViewController.swift in Sources */,
				3170848723868A0600496181 /* AppDelegate.swift in Sources */,
				3170849B23868E9E00496181 /* SecondView.swift in Sources */,
				3170848923868A0600496181 /* SceneDelegate.swift in Sources */,
			);
			runOnlyForDeploymentPostprocessing = 0;
		};
/* End PBXSourcesBuildPhase section */

/* Begin PBXVariantGroup section */
		3170848C23868A0600496181 /* Main.storyboard */ = {
			isa = PBXVariantGroup;
			children = (
				3170848D23868A0600496181 /* Base */,
			);
			name = Main.storyboard;
			sourceTree = "<group>";
		};
		3170849123868A0700496181 /* LaunchScreen.storyboard */ = {
			isa = PBXVariantGroup;
			children = (
				3170849223868A0700496181 /* Base */,
			);
			name = LaunchScreen.storyboard;
			sourceTree = "<group>";
		};
/* End PBXVariantGroup section */

/* Begin XCBuildConfiguration section */
		3170849523868A0700496181 /* Debug */ = {
			isa = XCBuildConfiguration;
			buildSettings = {
				ALWAYS_SEARCH_USER_PATHS = NO;
				CLANG_ANALYZER_NONNULL = YES;
				CLANG_ANALYZER_NUMBER_OBJECT_CONVERSION = YES_AGGRESSIVE;
				CLANG_CXX_LANGUAGE_STANDARD = "gnu++14";
				CLANG_CXX_LIBRARY = "libc++";
				CLANG_ENABLE_MODULES = YES;
				CLANG_ENABLE_OBJC_ARC = YES;
				CLANG_ENABLE_OBJC_WEAK = YES;
				CLANG_WARN_BLOCK_CAPTURE_AUTORELEASING = YES;
				CLANG_WARN_BOOL_CONVERSION = YES;
				CLANG_WARN_COMMA = YES;
				CLANG_WARN_CONSTANT_CONVERSION = YES;
				CLANG_WARN_DEPRECATED_OBJC_IMPLEMENTATIONS = YES;
				CLANG_WARN_DIRECT_OBJC_ISA_USAGE = YES_ERROR;
				CLANG_WARN_DOCUMENTATION_COMMENTS = YES;
				CLANG_WARN_EMPTY_BODY = YES;
				CLANG_WARN_ENUM_CONVERSION = YES;
				CLANG_WARN_INFINITE_RECURSION = YES;
				CLANG_WARN_INT_CONVERSION = YES;
				CLANG_WARN_NON_LITERAL_NULL_CONVERSION = YES;
				CLANG_WARN_OBJC_IMPLICIT_RETAIN_SELF = YES;
				CLANG_WARN_OBJC_LITERAL_CONVERSION = YES;
				CLANG_WARN_OBJC_ROOT_CLASS = YES_ERROR;
				CLANG_WARN_RANGE_LOOP_ANALYSIS = YES;
				CLANG_WARN_STRICT_PROTOTYPES = YES;
				CLANG_WARN_SUSPICIOUS_MOVE = YES;
				CLANG_WARN_UNGUARDED_AVAILABILITY = YES_AGGRESSIVE;
				CLANG_WARN_UNREACHABLE_CODE = YES;
				CLANG_WARN__DUPLICATE_METHOD_MATCH = YES;
				COPY_PHASE_STRIP = NO;
				DEBUG_INFORMATION_FORMAT = dwarf;
				ENABLE_STRICT_OBJC_MSGSEND = YES;
				ENABLE_TESTABILITY = YES;
				GCC_C_LANGUAGE_STANDARD = gnu11;
				GCC_DYNAMIC_NO_PIC = NO;
				GCC_NO_COMMON_BLOCKS = YES;
				GCC_OPTIMIZATION_LEVEL = 0;
				GCC_PREPROCESSOR_DEFINITIONS = (
					"DEBUG=1",
					"$(inherited)",
				);
				GCC_WARN_64_TO_32_BIT_CONVERSION = YES;
				GCC_WARN_ABOUT_RETURN_TYPE = YES_ERROR;
				GCC_WARN_UNDECLARED_SELECTOR = YES;
				GCC_WARN_UNINITIALIZED_AUTOS = YES_AGGRESSIVE;
				GCC_WARN_UNUSED_FUNCTION = YES;
				GCC_WARN_UNUSED_VARIABLE = YES;
				IPHONEOS_DEPLOYMENT_TARGET = 13.2;
				MTL_ENABLE_DEBUG_INFO = INCLUDE_SOURCE;
				MTL_FAST_MATH = YES;
				ONLY_ACTIVE_ARCH = YES;
				SDKROOT = iphoneos;
				SWIFT_ACTIVE_COMPILATION_CONDITIONS = DEBUG;
				SWIFT_OPTIMIZATION_LEVEL = "-Onone";
			};
			name = Debug;
		};
		3170849623868A0700496181 /* Release */ = {
			isa = XCBuildConfiguration;
			buildSettings = {
				ALWAYS_SEARCH_USER_PATHS = NO;
				CLANG_ANALYZER_NONNULL = YES;
				CLANG_ANALYZER_NUMBER_OBJECT_CONVERSION = YES_AGGRESSIVE;
				CLANG_CXX_LANGUAGE_STANDARD = "gnu++14";
				CLANG_CXX_LIBRARY = "libc++";
				CLANG_ENABLE_MODULES = YES;
				CLANG_ENABLE_OBJC_ARC = YES;
				CLANG_ENABLE_OBJC_WEAK = YES;
				CLANG_WARN_BLOCK_CAPTURE_AUTORELEASING = YES;
				CLANG_WARN_BOOL_CONVERSION = YES;
				CLANG_WARN_COMMA = YES;
				CLANG_WARN_CONSTANT_CONVERSION = YES;
				CLANG_WARN_DEPRECATED_OBJC_IMPLEMENTATIONS = YES;
				CLANG_WARN_DIRECT_OBJC_ISA_USAGE = YES_ERROR;
				CLANG_WARN_DOCUMENTATION_COMMENTS = YES;
				CLANG_WARN_EMPTY_BODY = YES;
				CLANG_WARN_ENUM_CONVERSION = YES;
				CLANG_WARN_INFINITE_RECURSION = YES;
				CLANG_WARN_INT_CONVERSION = YES;
				CLANG_WARN_NON_LITERAL_NULL_CONVERSION = YES;
				CLANG_WARN_OBJC_IMPLICIT_RETAIN_SELF = YES;
				CLANG_WARN_OBJC_LITERAL_CONVERSION = YES;
				CLANG_WARN_OBJC_ROOT_CLASS = YES_ERROR;
				CLANG_WARN_RANGE_LOOP_ANALYSIS = YES;
				CLANG_WARN_STRICT_PROTOTYPES = YES;
				CLANG_WARN_SUSPICIOUS_MOVE = YES;
				CLANG_WARN_UNGUARDED_AVAILABILITY = YES_AGGRESSIVE;
				CLANG_WARN_UNREACHABLE_CODE = YES;
				CLANG_WARN__DUPLICATE_METHOD_MATCH = YES;
				COPY_PHASE_STRIP = NO;
				DEBUG_INFORMATION_FORMAT = "dwarf-with-dsym";
				ENABLE_NS_ASSERTIONS = NO;
				ENABLE_STRICT_OBJC_MSGSEND = YES;
				GCC_C_LANGUAGE_STANDARD = gnu11;
				GCC_NO_COMMON_BLOCKS = YES;
				GCC_WARN_64_TO_32_BIT_CONVERSION = YES;
				GCC_WARN_ABOUT_RETURN_TYPE = YES_ERROR;
				GCC_WARN_UNDECLARED_SELECTOR = YES;
				GCC_WARN_UNINITIALIZED_AUTOS = YES_AGGRESSIVE;
				GCC_WARN_UNUSED_FUNCTION = YES;
				GCC_WARN_UNUSED_VARIABLE = YES;
				IPHONEOS_DEPLOYMENT_TARGET = 13.2;
				MTL_ENABLE_DEBUG_INFO = NO;
				MTL_FAST_MATH = YES;
				SDKROOT = iphoneos;
				SWIFT_COMPILATION_MODE = wholemodule;
				SWIFT_OPTIMIZATION_LEVEL = "-O";
				VALIDATE_PRODUCT = YES;
			};
			name = Release;
		};
		3170849823868A0700496181 /* Debug */ = {
			isa = XCBuildConfiguration;
			buildSettings = {
				ASSETCATALOG_COMPILER_APPICON_NAME = AppIcon;
				CODE_SIGN_STYLE = Automatic;
				INFOPLIST_FILE = 191121/Info.plist;
				IPHONEOS_DEPLOYMENT_TARGET = 10.0;
				LD_RUNPATH_SEARCH_PATHS = (
					"$(inherited)",
					"@executable_path/Frameworks",
				);
				PRODUCT_BUNDLE_IDENTIFIER = "com.didwndckd.-91121";
				PRODUCT_NAME = "$(TARGET_NAME)";
				SWIFT_VERSION = 5.0;
				TARGETED_DEVICE_FAMILY = "1,2";
			};
			name = Debug;
		};
		3170849923868A0700496181 /* Release */ = {
			isa = XCBuildConfiguration;
			buildSettings = {
				ASSETCATALOG_COMPILER_APPICON_NAME = AppIcon;
				CODE_SIGN_STYLE = Automatic;
				INFOPLIST_FILE = 191121/Info.plist;
				IPHONEOS_DEPLOYMENT_TARGET = 10.0;
				LD_RUNPATH_SEARCH_PATHS = (
					"$(inherited)",
					"@executable_path/Frameworks",
				);
				PRODUCT_BUNDLE_IDENTIFIER = "com.didwndckd.-91121";
				PRODUCT_NAME = "$(TARGET_NAME)";
				SWIFT_VERSION = 5.0;
				TARGETED_DEVICE_FAMILY = "1,2";
			};
			name = Release;
		};
/* End XCBuildConfiguration section */

/* Begin XCConfigurationList section */
		3170847E23868A0600496181 /* Build configuration list for PBXProject "191121" */ = {
			isa = XCConfigurationList;
			buildConfigurations = (
				3170849523868A0700496181 /* Debug */,
				3170849623868A0700496181 /* Release */,
			);
			defaultConfigurationIsVisible = 0;
			defaultConfigurationName = Release;
		};
		3170849723868A0700496181 /* Build configuration list for PBXNativeTarget "191121" */ = {
			isa = XCConfigurationList;
			buildConfigurations = (
				3170849823868A0700496181 /* Debug */,
				3170849923868A0700496181 /* Release */,
			);
			defaultConfigurationIsVisible = 0;
			defaultConfigurationName = Release;
		};
/* End XCConfigurationList section */
	};
	rootObject = 3170847B23868A0600496181 /* Project object */;
}
