// !$*UTF8*$!
{
	archiveVersion = 1;
	classes = {
	};
	objectVersion = 50;
	objects = {

/* Begin PBXBuildFile section */
		3123A316239F6FC00071CD51 /* AppDelegate.swift in Sources */ = {isa = PBXBuildFile; fileRef = 3123A315239F6FC00071CD51 /* AppDelegate.swift */; };
		3123A318239F6FC00071CD51 /* SceneDelegate.swift in Sources */ = {isa = PBXBuildFile; fileRef = 3123A317239F6FC00071CD51 /* SceneDelegate.swift */; };
		3123A31A239F6FC00071CD51 /* ViewController.swift in Sources */ = {isa = PBXBuildFile; fileRef = 3123A319239F6FC00071CD51 /* ViewController.swift */; };
		3123A31D239F6FC00071CD51 /* Main.storyboard in Resources */ = {isa = PBXBuildFile; fileRef = 3123A31B239F6FC00071CD51 /* Main.storyboard */; };
		3123A31F239F6FC00071CD51 /* Assets.xcassets in Resources */ = {isa = PBXBuildFile; fileRef = 3123A31E239F6FC00071CD51 /* Assets.xcassets */; };
		3123A322239F6FC00071CD51 /* LaunchScreen.storyboard in Resources */ = {isa = PBXBuildFile; fileRef = 3123A320239F6FC00071CD51 /* LaunchScreen.storyboard */; };
/* End PBXBuildFile section */

/* Begin PBXFileReference section */
		3123A312239F6FC00071CD51 /* TextFieldDelegateExample.app */ = {isa = PBXFileReference; explicitFileType = wrapper.application; includeInIndex = 0; path = TextFieldDelegateExample.app; sourceTree = BUILT_PRODUCTS_DIR; };
		3123A315239F6FC00071CD51 /* AppDelegate.swift */ = {isa = PBXFileReference; lastKnownFileType = sourcecode.swift; path = AppDelegate.swift; sourceTree = "<group>"; };
		3123A317239F6FC00071CD51 /* SceneDelegate.swift */ = {isa = PBXFileReference; lastKnownFileType = sourcecode.swift; path = SceneDelegate.swift; sourceTree = "<group>"; };
		3123A319239F6FC00071CD51 /* ViewController.swift */ = {isa = PBXFileReference; lastKnownFileType = sourcecode.swift; path = ViewController.swift; sourceTree = "<group>"; };
		3123A31C239F6FC00071CD51 /* Base */ = {isa = PBXFileReference; lastKnownFileType = file.storyboard; name = Base; path = Base.lproj/Main.storyboard; sourceTree = "<group>"; };
		3123A31E239F6FC00071CD51 /* Assets.xcassets */ = {isa = PBXFileReference; lastKnownFileType = folder.assetcatalog; path = Assets.xcassets; sourceTree = "<group>"; };
		3123A321239F6FC00071CD51 /* Base */ = {isa = PBXFileReference; lastKnownFileType = file.storyboard; name = Base; path = Base.lproj/LaunchScreen.storyboard; sourceTree = "<group>"; };
		3123A323239F6FC00071CD51 /* Info.plist */ = {isa = PBXFileReference; lastKnownFileType = text.plist.xml; path = Info.plist; sourceTree = "<group>"; };
/* End PBXFileReference section */

/* Begin PBXFrameworksBuildPhase section */
		3123A30F239F6FC00071CD51 /* Frameworks */ = {
			isa = PBXFrameworksBuildPhase;
			buildActionMask = 2147483647;
			files = (
			);
			runOnlyForDeploymentPostprocessing = 0;
		};
/* End PBXFrameworksBuildPhase section */

/* Begin PBXGroup section */
		3123A309239F6FBF0071CD51 = {
			isa = PBXGroup;
			children = (
				3123A314239F6FC00071CD51 /* TextFieldDelegateExample */,
				3123A313239F6FC00071CD51 /* Products */,
			);
			sourceTree = "<group>";
		};
		3123A313239F6FC00071CD51 /* Products */ = {
			isa = PBXGroup;
			children = (
				3123A312239F6FC00071CD51 /* TextFieldDelegateExample.app */,
			);
			name = Products;
			sourceTree = "<group>";
		};
		3123A314239F6FC00071CD51 /* TextFieldDelegateExample */ = {
			isa = PBXGroup;
			children = (
				3123A315239F6FC00071CD51 /* AppDelegate.swift */,
				3123A317239F6FC00071CD51 /* SceneDelegate.swift */,
				3123A319239F6FC00071CD51 /* ViewController.swift */,
				3123A31B239F6FC00071CD51 /* Main.storyboard */,
				3123A31E239F6FC00071CD51 /* Assets.xcassets */,
				3123A320239F6FC00071CD51 /* LaunchScreen.storyboard */,
				3123A323239F6FC00071CD51 /* Info.plist */,
			);
			path = TextFieldDelegateExample;
			sourceTree = "<group>";
		};
/* End PBXGroup section */

/* Begin PBXNativeTarget section */
		3123A311239F6FC00071CD51 /* TextFieldDelegateExample */ = {
			isa = PBXNativeTarget;
			buildConfigurationList = 3123A326239F6FC00071CD51 /* Build configuration list for PBXNativeTarget "TextFieldDelegateExample" */;
			buildPhases = (
				3123A30E239F6FC00071CD51 /* Sources */,
				3123A30F239F6FC00071CD51 /* Frameworks */,
				3123A310239F6FC00071CD51 /* Resources */,
			);
			buildRules = (
			);
			dependencies = (
			);
			name = TextFieldDelegateExample;
			productName = TextFieldDelegateExample;
			productReference = 3123A312239F6FC00071CD51 /* TextFieldDelegateExample.app */;
			productType = "com.apple.product-type.application";
		};
/* End PBXNativeTarget section */

/* Begin PBXProject section */
		3123A30A239F6FBF0071CD51 /* Project object */ = {
			isa = PBXProject;
			attributes = {
				LastSwiftUpdateCheck = 1120;
				LastUpgradeCheck = 1120;
				ORGANIZATIONNAME = didwndckd;
				TargetAttributes = {
					3123A311239F6FC00071CD51 = {
						CreatedOnToolsVersion = 11.2;
					};
				};
			};
			buildConfigurationList = 3123A30D239F6FBF0071CD51 /* Build configuration list for PBXProject "TextFieldDelegateExample" */;
			compatibilityVersion = "Xcode 9.3";
			developmentRegion = en;
			hasScannedForEncodings = 0;
			knownRegions = (
				en,
				Base,
			);
			mainGroup = 3123A309239F6FBF0071CD51;
			productRefGroup = 3123A313239F6FC00071CD51 /* Products */;
			projectDirPath = "";
			projectRoot = "";
			targets = (
				3123A311239F6FC00071CD51 /* TextFieldDelegateExample */,
			);
		};
/* End PBXProject section */

/* Begin PBXResourcesBuildPhase section */
		3123A310239F6FC00071CD51 /* Resources */ = {
			isa = PBXResourcesBuildPhase;
			buildActionMask = 2147483647;
			files = (
				3123A322239F6FC00071CD51 /* LaunchScreen.storyboard in Resources */,
				3123A31F239F6FC00071CD51 /* Assets.xcassets in Resources */,
				3123A31D239F6FC00071CD51 /* Main.storyboard in Resources */,
			);
			runOnlyForDeploymentPostprocessing = 0;
		};
/* End PBXResourcesBuildPhase section */

/* Begin PBXSourcesBuildPhase section */
		3123A30E239F6FC00071CD51 /* Sources */ = {
			isa = PBXSourcesBuildPhase;
			buildActionMask = 2147483647;
			files = (
				3123A31A239F6FC00071CD51 /* ViewController.swift in Sources */,
				3123A316239F6FC00071CD51 /* AppDelegate.swift in Sources */,
				3123A318239F6FC00071CD51 /* SceneDelegate.swift in Sources */,
			);
			runOnlyForDeploymentPostprocessing = 0;
		};
/* End PBXSourcesBuildPhase section */

/* Begin PBXVariantGroup section */
		3123A31B239F6FC00071CD51 /* Main.storyboard */ = {
			isa = PBXVariantGroup;
			children = (
				3123A31C239F6FC00071CD51 /* Base */,
			);
			name = Main.storyboard;
			sourceTree = "<group>";
		};
		3123A320239F6FC00071CD51 /* LaunchScreen.storyboard */ = {
			isa = PBXVariantGroup;
			children = (
				3123A321239F6FC00071CD51 /* Base */,
			);
			name = LaunchScreen.storyboard;
			sourceTree = "<group>";
		};
/* End PBXVariantGroup section */

/* Begin XCBuildConfiguration section */
		3123A324239F6FC00071CD51 /* Debug */ = {
			isa = XCBuildConfiguration;
			buildSettings = {
				ALWAYS_SEARCH_USER_PATHS = NO;
				CLANG_ANALYZER_NONNULL = YES;
				CLANG_ANALYZER_NUMBER_OBJECT_CONVERSION = YES_AGGRESSIVE;
				CLANG_CXX_LANGUAGE_STANDARD = "gnu++14";
				CLANG_CXX_LIBRARY = "libc++";
				CLANG_ENABLE_MODULES = YES;
				CLANG_ENABLE_OBJC_ARC = YES;
				CLANG_ENABLE_OBJC_WEAK = YES;
				CLANG_WARN_BLOCK_CAPTURE_AUTORELEASING = YES;
				CLANG_WARN_BOOL_CONVERSION = YES;
				CLANG_WARN_COMMA = YES;
				CLANG_WARN_CONSTANT_CONVERSION = YES;
				CLANG_WARN_DEPRECATED_OBJC_IMPLEMENTATIONS = YES;
				CLANG_WARN_DIRECT_OBJC_ISA_USAGE = YES_ERROR;
				CLANG_WARN_DOCUMENTATION_COMMENTS = YES;
				CLANG_WARN_EMPTY_BODY = YES;
				CLANG_WARN_ENUM_CONVERSION = YES;
				CLANG_WARN_INFINITE_RECURSION = YES;
				CLANG_WARN_INT_CONVERSION = YES;
				CLANG_WARN_NON_LITERAL_NULL_CONVERSION = YES;
				CLANG_WARN_OBJC_IMPLICIT_RETAIN_SELF = YES;
				CLANG_WARN_OBJC_LITERAL_CONVERSION = YES;
				CLANG_WARN_OBJC_ROOT_CLASS = YES_ERROR;
				CLANG_WARN_RANGE_LOOP_ANALYSIS = YES;
				CLANG_WARN_STRICT_PROTOTYPES = YES;
				CLANG_WARN_SUSPICIOUS_MOVE = YES;
				CLANG_WARN_UNGUARDED_AVAILABILITY = YES_AGGRESSIVE;
				CLANG_WARN_UNREACHABLE_CODE = YES;
				CLANG_WARN__DUPLICATE_METHOD_MATCH = YES;
				COPY_PHASE_STRIP = NO;
				DEBUG_INFORMATION_FORMAT = dwarf;
				ENABLE_STRICT_OBJC_MSGSEND = YES;
				ENABLE_TESTABILITY = YES;
				GCC_C_LANGUAGE_STANDARD = gnu11;
				GCC_DYNAMIC_NO_PIC = NO;
				GCC_NO_COMMON_BLOCKS = YES;
				GCC_OPTIMIZATION_LEVEL = 0;
				GCC_PREPROCESSOR_DEFINITIONS = (
					"DEBUG=1",
					"$(inherited)",
				);
				GCC_WARN_64_TO_32_BIT_CONVERSION = YES;
				GCC_WARN_ABOUT_RETURN_TYPE = YES_ERROR;
				GCC_WARN_UNDECLARED_SELECTOR = YES;
				GCC_WARN_UNINITIALIZED_AUTOS = YES_AGGRESSIVE;
				GCC_WARN_UNUSED_FUNCTION = YES;
				GCC_WARN_UNUSED_VARIABLE = YES;
				IPHONEOS_DEPLOYMENT_TARGET = 13.2;
				MTL_ENABLE_DEBUG_INFO = INCLUDE_SOURCE;
				MTL_FAST_MATH = YES;
				ONLY_ACTIVE_ARCH = YES;
				SDKROOT = iphoneos;
				SWIFT_ACTIVE_COMPILATION_CONDITIONS = DEBUG;
				SWIFT_OPTIMIZATION_LEVEL = "-Onone";
			};
			name = Debug;
		};
		3123A325239F6FC00071CD51 /* Release */ = {
			isa = XCBuildConfiguration;
			buildSettings = {
				ALWAYS_SEARCH_USER_PATHS = NO;
				CLANG_ANALYZER_NONNULL = YES;
				CLANG_ANALYZER_NUMBER_OBJECT_CONVERSION = YES_AGGRESSIVE;
				CLANG_CXX_LANGUAGE_STANDARD = "gnu++14";
				CLANG_CXX_LIBRARY = "libc++";
				CLANG_ENABLE_MODULES = YES;
				CLANG_ENABLE_OBJC_ARC = YES;
				CLANG_ENABLE_OBJC_WEAK = YES;
				CLANG_WARN_BLOCK_CAPTURE_AUTORELEASING = YES;
				CLANG_WARN_BOOL_CONVERSION = YES;
				CLANG_WARN_COMMA = YES;
				CLANG_WARN_CONSTANT_CONVERSION = YES;
				CLANG_WARN_DEPRECATED_OBJC_IMPLEMENTATIONS = YES;
				CLANG_WARN_DIRECT_OBJC_ISA_USAGE = YES_ERROR;
				CLANG_WARN_DOCUMENTATION_COMMENTS = YES;
				CLANG_WARN_EMPTY_BODY = YES;
				CLANG_WARN_ENUM_CONVERSION = YES;
				CLANG_WARN_INFINITE_RECURSION = YES;
				CLANG_WARN_INT_CONVERSION = YES;
				CLANG_WARN_NON_LITERAL_NULL_CONVERSION = YES;
				CLANG_WARN_OBJC_IMPLICIT_RETAIN_SELF = YES;
				CLANG_WARN_OBJC_LITERAL_CONVERSION = YES;
				CLANG_WARN_OBJC_ROOT_CLASS = YES_ERROR;
				CLANG_WARN_RANGE_LOOP_ANALYSIS = YES;
				CLANG_WARN_STRICT_PROTOTYPES = YES;
				CLANG_WARN_SUSPICIOUS_MOVE = YES;
				CLANG_WARN_UNGUARDED_AVAILABILITY = YES_AGGRESSIVE;
				CLANG_WARN_UNREACHABLE_CODE = YES;
				CLANG_WARN__DUPLICATE_METHOD_MATCH = YES;
				COPY_PHASE_STRIP = NO;
				DEBUG_INFORMATION_FORMAT = "dwarf-with-dsym";
				ENABLE_NS_ASSERTIONS = NO;
				ENABLE_STRICT_OBJC_MSGSEND = YES;
				GCC_C_LANGUAGE_STANDARD = gnu11;
				GCC_NO_COMMON_BLOCKS = YES;
				GCC_WARN_64_TO_32_BIT_CONVERSION = YES;
				GCC_WARN_ABOUT_RETURN_TYPE = YES_ERROR;
				GCC_WARN_UNDECLARED_SELECTOR = YES;
				GCC_WARN_UNINITIALIZED_AUTOS = YES_AGGRESSIVE;
				GCC_WARN_UNUSED_FUNCTION = YES;
				GCC_WARN_UNUSED_VARIABLE = YES;
				IPHONEOS_DEPLOYMENT_TARGET = 13.2;
				MTL_ENABLE_DEBUG_INFO = NO;
				MTL_FAST_MATH = YES;
				SDKROOT = iphoneos;
				SWIFT_COMPILATION_MODE = wholemodule;
				SWIFT_OPTIMIZATION_LEVEL = "-O";
				VALIDATE_PRODUCT = YES;
			};
			name = Release;
		};
		3123A327239F6FC00071CD51 /* Debug */ = {
			isa = XCBuildConfiguration;
			buildSettings = {
				ASSETCATALOG_COMPILER_APPICON_NAME = AppIcon;
				CODE_SIGN_STYLE = Automatic;
				INFOPLIST_FILE = TextFieldDelegateExample/Info.plist;
				LD_RUNPATH_SEARCH_PATHS = (
					"$(inherited)",
					"@executable_path/Frameworks",
				);
				PRODUCT_BUNDLE_IDENTIFIER = com.didwndckd.TextFieldDelegateExample;
				PRODUCT_NAME = "$(TARGET_NAME)";
				SWIFT_VERSION = 5.0;
				TARGETED_DEVICE_FAMILY = "1,2";
			};
			name = Debug;
		};
		3123A328239F6FC00071CD51 /* Release */ = {
			isa = XCBuildConfiguration;
			buildSettings = {
				ASSETCATALOG_COMPILER_APPICON_NAME = AppIcon;
				CODE_SIGN_STYLE = Automatic;
				INFOPLIST_FILE = TextFieldDelegateExample/Info.plist;
				LD_RUNPATH_SEARCH_PATHS = (
					"$(inherited)",
					"@executable_path/Frameworks",
				);
				PRODUCT_BUNDLE_IDENTIFIER = com.didwndckd.TextFieldDelegateExample;
				PRODUCT_NAME = "$(TARGET_NAME)";
				SWIFT_VERSION = 5.0;
				TARGETED_DEVICE_FAMILY = "1,2";
			};
			name = Release;
		};
/* End XCBuildConfiguration section */

/* Begin XCConfigurationList section */
		3123A30D239F6FBF0071CD51 /* Build configuration list for PBXProject "TextFieldDelegateExample" */ = {
			isa = XCConfigurationList;
			buildConfigurations = (
				3123A324239F6FC00071CD51 /* Debug */,
				3123A325239F6FC00071CD51 /* Release */,
			);
			defaultConfigurationIsVisible = 0;
			defaultConfigurationName = Release;
		};
		3123A326239F6FC00071CD51 /* Build configuration list for PBXNativeTarget "TextFieldDelegateExample" */ = {
			isa = XCConfigurationList;
			buildConfigurations = (
				3123A327239F6FC00071CD51 /* Debug */,
				3123A328239F6FC00071CD51 /* Release */,
			);
			defaultConfigurationIsVisible = 0;
			defaultConfigurationName = Release;
		};
/* End XCConfigurationList section */
	};
	rootObject = 3123A30A239F6FBF0071CD51 /* Project object */;
}
